{
  "version": 4,
  "terraform_version": "1.6.4",
  "serial": 2458,
  "lineage": "33ae4101-4bc1-0db7-4ea4-4cc39c4ec43a",
  "outputs": {},
  "resources": [
    {
      "mode": "managed",
      "type": "google_bigquery_dataset",
      "name": "crimes_la",
      "provider": "provider[\"registry.terraform.io/hashicorp/google\"]",
      "instances": [
        {
          "schema_version": 0,
          "attributes": {
            "access": [
              {
                "dataset": [],
                "domain": "",
                "group_by_email": "",
                "iam_member": "",
                "role": "OWNER",
                "routine": [],
                "special_group": "",
                "user_by_email": "estudosgcppedro@gmail.com",
                "view": []
              },
              {
                "dataset": [],
                "domain": "",
                "group_by_email": "",
                "iam_member": "",
                "role": "OWNER",
                "routine": [],
                "special_group": "projectOwners",
                "user_by_email": "",
                "view": []
              },
              {
                "dataset": [],
                "domain": "",
                "group_by_email": "",
                "iam_member": "",
                "role": "READER",
                "routine": [],
                "special_group": "projectReaders",
                "user_by_email": "",
                "view": []
              },
              {
                "dataset": [],
                "domain": "",
                "group_by_email": "",
                "iam_member": "",
                "role": "WRITER",
                "routine": [],
                "special_group": "projectWriters",
                "user_by_email": "",
                "view": []
              }
            ],
            "creation_time": 1713029248436,
            "dataset_id": "crimes_la",
            "default_collation": "",
            "default_encryption_configuration": [],
            "default_partition_expiration_ms": 0,
            "default_table_expiration_ms": 0,
            "delete_contents_on_destroy": false,
            "description": "Crimes_la dataset",
            "effective_labels": {},
            "etag": "pmAagkk1kRMUJKfERi8aww==",
            "friendly_name": "crimes_la",
            "id": "projects/dw-lab1-dsa/datasets/crimes_la",
            "is_case_insensitive": false,
            "labels": null,
            "last_modified_time": 1713029248436,
            "location": "US",
            "max_time_travel_hours": "",
            "project": "dw-lab1-dsa",
            "self_link": "https://bigquery.googleapis.com/bigquery/v2/projects/dw-lab1-dsa/datasets/crimes_la",
            "storage_billing_model": "",
            "terraform_labels": {},
            "timeouts": null
          },
          "sensitive_attributes": [],
          "private": "eyJlMmJmYjczMC1lY2FhLTExZTYtOGY4OC0zNDM2M2JjN2M0YzAiOnsiY3JlYXRlIjoxMjAwMDAwMDAwMDAwLCJkZWxldGUiOjEyMDAwMDAwMDAwMDAsInVwZGF0ZSI6MTIwMDAwMDAwMDAwMH19"
        }
      ]
    },
    {
      "mode": "managed",
      "type": "google_bigquery_job",
      "name": "job_sql_1",
      "provider": "provider[\"registry.terraform.io/hashicorp/google\"]",
      "instances": [
        {
          "index_key": "./data/transformed_data/areas/part-00000-39983dc8-be17-4bd4-b9e8-0afdba0041ae-c000.csv",
          "schema_version": 1,
          "attributes": {
            "copy": [],
            "effective_labels": {
              "job": "job_load"
            },
            "extract": [],
            "id": "projects/dw-lab1-dsa/jobs/load_job_jcraawrd_areas",
            "job_id": "load_job_jcraawrd_areas",
            "job_timeout_ms": "",
            "job_type": "LOAD",
            "labels": {
              "job": "job_load"
            },
            "load": [
              {
                "allow_jagged_rows": false,
                "allow_quoted_newlines": false,
                "autodetect": false,
                "create_disposition": "CREATE_IF_NEEDED",
                "destination_encryption_configuration": [],
                "destination_table": [
                  {
                    "dataset_id": "crimes_la",
                    "project_id": "dw-lab1-dsa",
                    "table_id": "Areas"
                  }
                ],
                "encoding": "UTF-8",
                "field_delimiter": "",
                "ignore_unknown_values": false,
                "json_extension": "",
                "max_bad_records": 0,
                "null_marker": "",
                "parquet_options": [],
                "projection_fields": null,
                "quote": "",
                "schema_update_options": null,
                "skip_leading_rows": 1,
                "source_format": "CSV",
                "source_uris": [
                  "gs://bucket-dw-modeling-pedro/data/transformed_data/areas/part-00000-39983dc8-be17-4bd4-b9e8-0afdba0041ae-c000.csv"
                ],
                "time_partitioning": [],
                "write_disposition": "WRITE_APPEND"
              }
            ],
            "location": "US",
            "project": "dw-lab1-dsa",
            "query": [],
            "status": [
              {
                "error_result": [],
                "errors": [],
                "state": "RUNNING"
              }
            ],
            "terraform_labels": {
              "job": "job_load"
            },
            "timeouts": null,
            "user_email": "estudosgcppedro@gmail.com"
          },
          "sensitive_attributes": [],
          "private": "eyJlMmJmYjczMC1lY2FhLTExZTYtOGY4OC0zNDM2M2JjN2M0YzAiOnsiY3JlYXRlIjoxMjAwMDAwMDAwMDAwLCJkZWxldGUiOjEyMDAwMDAwMDAwMDAsInVwZGF0ZSI6MTIwMDAwMDAwMDAwMH0sInNjaGVtYV92ZXJzaW9uIjoiMSJ9",
          "dependencies": [
            "google_bigquery_dataset.crimes_la",
            "google_bigquery_table.Areas",
            "google_bigquery_table.Crime_Date",
            "google_bigquery_table.Crimes",
            "google_bigquery_table.Crimes_List",
            "google_bigquery_table.Location_Desc",
            "google_bigquery_table.Locations",
            "google_bigquery_table.Mocodes",
            "google_bigquery_table.Mocodes_Crimes",
            "google_bigquery_table.Premisses",
            "google_bigquery_table.Status",
            "google_bigquery_table.Victim_Descent",
            "google_bigquery_table.Victims",
            "google_bigquery_table.Weapons",
            "google_bigquery_table.crimes_la",
            "google_storage_bucket_object.data_folder",
            "random_string.random_id"
          ]
        },
        {
          "index_key": "./data/transformed_data/crimes/part-00000-b5cf23f1-b832-47f4-8f42-d028c6b555ce-c000.csv",
          "schema_version": 1,
          "attributes": {
            "copy": [],
            "effective_labels": {
              "job": "job_load"
            },
            "extract": [],
            "id": "projects/dw-lab1-dsa/jobs/load_job_jcraawrd_crimes",
            "job_id": "load_job_jcraawrd_crimes",
            "job_timeout_ms": "",
            "job_type": "LOAD",
            "labels": {
              "job": "job_load"
            },
            "load": [
              {
                "allow_jagged_rows": false,
                "allow_quoted_newlines": false,
                "autodetect": false,
                "create_disposition": "CREATE_IF_NEEDED",
                "destination_encryption_configuration": [],
                "destination_table": [
                  {
                    "dataset_id": "crimes_la",
                    "project_id": "dw-lab1-dsa",
                    "table_id": "Crimes"
                  }
                ],
                "encoding": "UTF-8",
                "field_delimiter": "",
                "ignore_unknown_values": false,
                "json_extension": "",
                "max_bad_records": 0,
                "null_marker": "",
                "parquet_options": [],
                "projection_fields": null,
                "quote": "",
                "schema_update_options": null,
                "skip_leading_rows": 1,
                "source_format": "CSV",
                "source_uris": [
                  "gs://bucket-dw-modeling-pedro/data/transformed_data/crimes/part-00000-b5cf23f1-b832-47f4-8f42-d028c6b555ce-c000.csv"
                ],
                "time_partitioning": [],
                "write_disposition": "WRITE_APPEND"
              }
            ],
            "location": "US",
            "project": "dw-lab1-dsa",
            "query": [],
            "status": [
              {
                "error_result": [],
                "errors": [],
                "state": "RUNNING"
              }
            ],
            "terraform_labels": {
              "job": "job_load"
            },
            "timeouts": null,
            "user_email": "estudosgcppedro@gmail.com"
          },
          "sensitive_attributes": [],
          "private": "eyJlMmJmYjczMC1lY2FhLTExZTYtOGY4OC0zNDM2M2JjN2M0YzAiOnsiY3JlYXRlIjoxMjAwMDAwMDAwMDAwLCJkZWxldGUiOjEyMDAwMDAwMDAwMDAsInVwZGF0ZSI6MTIwMDAwMDAwMDAwMH0sInNjaGVtYV92ZXJzaW9uIjoiMSJ9",
          "dependencies": [
            "google_bigquery_dataset.crimes_la",
            "google_bigquery_table.Areas",
            "google_bigquery_table.Crime_Date",
            "google_bigquery_table.Crimes",
            "google_bigquery_table.Crimes_List",
            "google_bigquery_table.Location_Desc",
            "google_bigquery_table.Locations",
            "google_bigquery_table.Mocodes",
            "google_bigquery_table.Mocodes_Crimes",
            "google_bigquery_table.Premisses",
            "google_bigquery_table.Status",
            "google_bigquery_table.Victim_Descent",
            "google_bigquery_table.Victims",
            "google_bigquery_table.Weapons",
            "google_bigquery_table.crimes_la",
            "google_storage_bucket_object.data_folder",
            "random_string.random_id"
          ]
        },
        {
          "index_key": "./data/transformed_data/crimes_date/part-00000-6d5bbf31-bc4f-4cc3-8f72-f2d682507a16-c000.csv",
          "schema_version": 1,
          "attributes": {
            "copy": [],
            "effective_labels": {
              "job": "job_load"
            },
            "extract": [],
            "id": "projects/dw-lab1-dsa/jobs/load_job_jcraawrd_crimes_date",
            "job_id": "load_job_jcraawrd_crimes_date",
            "job_timeout_ms": "",
            "job_type": "LOAD",
            "labels": {
              "job": "job_load"
            },
            "load": [
              {
                "allow_jagged_rows": false,
                "allow_quoted_newlines": false,
                "autodetect": false,
                "create_disposition": "CREATE_IF_NEEDED",
                "destination_encryption_configuration": [],
                "destination_table": [
                  {
                    "dataset_id": "crimes_la",
                    "project_id": "dw-lab1-dsa",
                    "table_id": "Crimes_Date"
                  }
                ],
                "encoding": "UTF-8",
                "field_delimiter": "",
                "ignore_unknown_values": false,
                "json_extension": "",
                "max_bad_records": 0,
                "null_marker": "",
                "parquet_options": [],
                "projection_fields": null,
                "quote": "",
                "schema_update_options": null,
                "skip_leading_rows": 1,
                "source_format": "CSV",
                "source_uris": [
                  "gs://bucket-dw-modeling-pedro/data/transformed_data/crimes_date/part-00000-6d5bbf31-bc4f-4cc3-8f72-f2d682507a16-c000.csv"
                ],
                "time_partitioning": [],
                "write_disposition": "WRITE_APPEND"
              }
            ],
            "location": "US",
            "project": "dw-lab1-dsa",
            "query": [],
            "status": [
              {
                "error_result": [],
                "errors": [],
                "state": "RUNNING"
              }
            ],
            "terraform_labels": {
              "job": "job_load"
            },
            "timeouts": null,
            "user_email": "estudosgcppedro@gmail.com"
          },
          "sensitive_attributes": [],
          "private": "eyJlMmJmYjczMC1lY2FhLTExZTYtOGY4OC0zNDM2M2JjN2M0YzAiOnsiY3JlYXRlIjoxMjAwMDAwMDAwMDAwLCJkZWxldGUiOjEyMDAwMDAwMDAwMDAsInVwZGF0ZSI6MTIwMDAwMDAwMDAwMH0sInNjaGVtYV92ZXJzaW9uIjoiMSJ9",
          "dependencies": [
            "google_bigquery_dataset.crimes_la",
            "google_bigquery_table.Areas",
            "google_bigquery_table.Crime_Date",
            "google_bigquery_table.Crimes",
            "google_bigquery_table.Crimes_List",
            "google_bigquery_table.Location_Desc",
            "google_bigquery_table.Locations",
            "google_bigquery_table.Mocodes",
            "google_bigquery_table.Mocodes_Crimes",
            "google_bigquery_table.Premisses",
            "google_bigquery_table.Status",
            "google_bigquery_table.Victim_Descent",
            "google_bigquery_table.Victims",
            "google_bigquery_table.Weapons",
            "google_bigquery_table.crimes_la",
            "google_storage_bucket_object.data_folder",
            "random_string.random_id"
          ]
        },
        {
          "index_key": "./data/transformed_data/crimes_la/part-00000-d853d89a-fbbe-410b-ae6d-d066d120f49e-c000.csv",
          "schema_version": 1,
          "attributes": {
            "copy": [],
            "effective_labels": {
              "job": "job_load"
            },
            "extract": [],
            "id": "projects/dw-lab1-dsa/jobs/load_job_jcraawrd_crimes_la",
            "job_id": "load_job_jcraawrd_crimes_la",
            "job_timeout_ms": "",
            "job_type": "LOAD",
            "labels": {
              "job": "job_load"
            },
            "load": [
              {
                "allow_jagged_rows": false,
                "allow_quoted_newlines": false,
                "autodetect": false,
                "create_disposition": "CREATE_IF_NEEDED",
                "destination_encryption_configuration": [],
                "destination_table": [
                  {
                    "dataset_id": "crimes_la",
                    "project_id": "dw-lab1-dsa",
                    "table_id": "Crimes_La"
                  }
                ],
                "encoding": "UTF-8",
                "field_delimiter": "",
                "ignore_unknown_values": false,
                "json_extension": "",
                "max_bad_records": 0,
                "null_marker": "",
                "parquet_options": [],
                "projection_fields": null,
                "quote": "",
                "schema_update_options": null,
                "skip_leading_rows": 1,
                "source_format": "CSV",
                "source_uris": [
                  "gs://bucket-dw-modeling-pedro/data/transformed_data/crimes_la/part-00000-d853d89a-fbbe-410b-ae6d-d066d120f49e-c000.csv"
                ],
                "time_partitioning": [],
                "write_disposition": "WRITE_APPEND"
              }
            ],
            "location": "US",
            "project": "dw-lab1-dsa",
            "query": [],
            "status": [
              {
                "error_result": [],
                "errors": [],
                "state": "RUNNING"
              }
            ],
            "terraform_labels": {
              "job": "job_load"
            },
            "timeouts": null,
            "user_email": "estudosgcppedro@gmail.com"
          },
          "sensitive_attributes": [],
          "private": "eyJlMmJmYjczMC1lY2FhLTExZTYtOGY4OC0zNDM2M2JjN2M0YzAiOnsiY3JlYXRlIjoxMjAwMDAwMDAwMDAwLCJkZWxldGUiOjEyMDAwMDAwMDAwMDAsInVwZGF0ZSI6MTIwMDAwMDAwMDAwMH0sInNjaGVtYV92ZXJzaW9uIjoiMSJ9",
          "dependencies": [
            "google_bigquery_dataset.crimes_la",
            "google_bigquery_table.Areas",
            "google_bigquery_table.Crime_Date",
            "google_bigquery_table.Crimes",
            "google_bigquery_table.Crimes_List",
            "google_bigquery_table.Location_Desc",
            "google_bigquery_table.Locations",
            "google_bigquery_table.Mocodes",
            "google_bigquery_table.Mocodes_Crimes",
            "google_bigquery_table.Premisses",
            "google_bigquery_table.Status",
            "google_bigquery_table.Victim_Descent",
            "google_bigquery_table.Victims",
            "google_bigquery_table.Weapons",
            "google_bigquery_table.crimes_la",
            "google_storage_bucket_object.data_folder",
            "random_string.random_id"
          ]
        },
        {
          "index_key": "./data/transformed_data/crimes_list/part-00000-fef179f8-86db-497f-8bc6-ed3cb3ffbdb8-c000.csv",
          "schema_version": 1,
          "attributes": {
            "copy": [],
            "effective_labels": {
              "job": "job_load"
            },
            "extract": [],
            "id": "projects/dw-lab1-dsa/jobs/load_job_jcraawrd_crimes_list",
            "job_id": "load_job_jcraawrd_crimes_list",
            "job_timeout_ms": "",
            "job_type": "LOAD",
            "labels": {
              "job": "job_load"
            },
            "load": [
              {
                "allow_jagged_rows": false,
                "allow_quoted_newlines": false,
                "autodetect": false,
                "create_disposition": "CREATE_IF_NEEDED",
                "destination_encryption_configuration": [],
                "destination_table": [
                  {
                    "dataset_id": "crimes_la",
                    "project_id": "dw-lab1-dsa",
                    "table_id": "Crimes_List"
                  }
                ],
                "encoding": "UTF-8",
                "field_delimiter": "",
                "ignore_unknown_values": false,
                "json_extension": "",
                "max_bad_records": 0,
                "null_marker": "",
                "parquet_options": [],
                "projection_fields": null,
                "quote": "",
                "schema_update_options": null,
                "skip_leading_rows": 1,
                "source_format": "CSV",
                "source_uris": [
                  "gs://bucket-dw-modeling-pedro/data/transformed_data/crimes_list/part-00000-fef179f8-86db-497f-8bc6-ed3cb3ffbdb8-c000.csv"
                ],
                "time_partitioning": [],
                "write_disposition": "WRITE_APPEND"
              }
            ],
            "location": "US",
            "project": "dw-lab1-dsa",
            "query": [],
            "status": [
              {
                "error_result": [],
                "errors": [],
                "state": "RUNNING"
              }
            ],
            "terraform_labels": {
              "job": "job_load"
            },
            "timeouts": null,
            "user_email": "estudosgcppedro@gmail.com"
          },
          "sensitive_attributes": [],
          "private": "eyJlMmJmYjczMC1lY2FhLTExZTYtOGY4OC0zNDM2M2JjN2M0YzAiOnsiY3JlYXRlIjoxMjAwMDAwMDAwMDAwLCJkZWxldGUiOjEyMDAwMDAwMDAwMDAsInVwZGF0ZSI6MTIwMDAwMDAwMDAwMH0sInNjaGVtYV92ZXJzaW9uIjoiMSJ9",
          "dependencies": [
            "google_bigquery_dataset.crimes_la",
            "google_bigquery_table.Areas",
            "google_bigquery_table.Crime_Date",
            "google_bigquery_table.Crimes",
            "google_bigquery_table.Crimes_List",
            "google_bigquery_table.Location_Desc",
            "google_bigquery_table.Locations",
            "google_bigquery_table.Mocodes",
            "google_bigquery_table.Mocodes_Crimes",
            "google_bigquery_table.Premisses",
            "google_bigquery_table.Status",
            "google_bigquery_table.Victim_Descent",
            "google_bigquery_table.Victims",
            "google_bigquery_table.Weapons",
            "google_bigquery_table.crimes_la",
            "google_storage_bucket_object.data_folder",
            "random_string.random_id"
          ]
        },
        {
          "index_key": "./data/transformed_data/descent/part-00000-1fe9c727-539b-4e1b-ba4c-a815c0bfc23f-c000.csv",
          "schema_version": 1,
          "attributes": {
            "copy": [],
            "effective_labels": {
              "job": "job_load"
            },
            "extract": [],
            "id": "projects/dw-lab1-dsa/jobs/load_job_jcraawrd_descent",
            "job_id": "load_job_jcraawrd_descent",
            "job_timeout_ms": "",
            "job_type": "LOAD",
            "labels": {
              "job": "job_load"
            },
            "load": [
              {
                "allow_jagged_rows": false,
                "allow_quoted_newlines": false,
                "autodetect": false,
                "create_disposition": "CREATE_IF_NEEDED",
                "destination_encryption_configuration": [],
                "destination_table": [
                  {
                    "dataset_id": "crimes_la",
                    "project_id": "dw-lab1-dsa",
                    "table_id": "Victim_Descent"
                  }
                ],
                "encoding": "UTF-8",
                "field_delimiter": "",
                "ignore_unknown_values": false,
                "json_extension": "",
                "max_bad_records": 0,
                "null_marker": "",
                "parquet_options": [],
                "projection_fields": null,
                "quote": "",
                "schema_update_options": null,
                "skip_leading_rows": 1,
                "source_format": "CSV",
                "source_uris": [
                  "gs://bucket-dw-modeling-pedro/data/transformed_data/descent/part-00000-1fe9c727-539b-4e1b-ba4c-a815c0bfc23f-c000.csv"
                ],
                "time_partitioning": [],
                "write_disposition": "WRITE_APPEND"
              }
            ],
            "location": "US",
            "project": "dw-lab1-dsa",
            "query": [],
            "status": [
              {
                "error_result": [],
                "errors": [],
                "state": "RUNNING"
              }
            ],
            "terraform_labels": {
              "job": "job_load"
            },
            "timeouts": null,
            "user_email": "estudosgcppedro@gmail.com"
          },
          "sensitive_attributes": [],
          "private": "eyJlMmJmYjczMC1lY2FhLTExZTYtOGY4OC0zNDM2M2JjN2M0YzAiOnsiY3JlYXRlIjoxMjAwMDAwMDAwMDAwLCJkZWxldGUiOjEyMDAwMDAwMDAwMDAsInVwZGF0ZSI6MTIwMDAwMDAwMDAwMH0sInNjaGVtYV92ZXJzaW9uIjoiMSJ9",
          "dependencies": [
            "google_bigquery_dataset.crimes_la",
            "google_bigquery_table.Areas",
            "google_bigquery_table.Crime_Date",
            "google_bigquery_table.Crimes",
            "google_bigquery_table.Crimes_List",
            "google_bigquery_table.Location_Desc",
            "google_bigquery_table.Locations",
            "google_bigquery_table.Mocodes",
            "google_bigquery_table.Mocodes_Crimes",
            "google_bigquery_table.Premisses",
            "google_bigquery_table.Status",
            "google_bigquery_table.Victim_Descent",
            "google_bigquery_table.Victims",
            "google_bigquery_table.Weapons",
            "google_bigquery_table.crimes_la",
            "google_storage_bucket_object.data_folder",
            "random_string.random_id"
          ]
        },
        {
          "index_key": "./data/transformed_data/location/part-00000-f564d0be-fc6d-48af-80f9-510f863217a1-c000.csv",
          "schema_version": 1,
          "attributes": {
            "copy": [],
            "effective_labels": {
              "job": "job_load"
            },
            "extract": [],
            "id": "projects/dw-lab1-dsa/jobs/load_job_jcraawrd_location",
            "job_id": "load_job_jcraawrd_location",
            "job_timeout_ms": "",
            "job_type": "LOAD",
            "labels": {
              "job": "job_load"
            },
            "load": [
              {
                "allow_jagged_rows": false,
                "allow_quoted_newlines": false,
                "autodetect": false,
                "create_disposition": "CREATE_IF_NEEDED",
                "destination_encryption_configuration": [],
                "destination_table": [
                  {
                    "dataset_id": "crimes_la",
                    "project_id": "dw-lab1-dsa",
                    "table_id": "Location"
                  }
                ],
                "encoding": "UTF-8",
                "field_delimiter": "",
                "ignore_unknown_values": false,
                "json_extension": "",
                "max_bad_records": 0,
                "null_marker": "",
                "parquet_options": [],
                "projection_fields": null,
                "quote": "",
                "schema_update_options": null,
                "skip_leading_rows": 1,
                "source_format": "CSV",
                "source_uris": [
                  "gs://bucket-dw-modeling-pedro/data/transformed_data/location/part-00000-f564d0be-fc6d-48af-80f9-510f863217a1-c000.csv"
                ],
                "time_partitioning": [],
                "write_disposition": "WRITE_APPEND"
              }
            ],
            "location": "US",
            "project": "dw-lab1-dsa",
            "query": [],
            "status": [
              {
                "error_result": [],
                "errors": [],
                "state": "RUNNING"
              }
            ],
            "terraform_labels": {
              "job": "job_load"
            },
            "timeouts": null,
            "user_email": "estudosgcppedro@gmail.com"
          },
          "sensitive_attributes": [],
          "private": "eyJlMmJmYjczMC1lY2FhLTExZTYtOGY4OC0zNDM2M2JjN2M0YzAiOnsiY3JlYXRlIjoxMjAwMDAwMDAwMDAwLCJkZWxldGUiOjEyMDAwMDAwMDAwMDAsInVwZGF0ZSI6MTIwMDAwMDAwMDAwMH0sInNjaGVtYV92ZXJzaW9uIjoiMSJ9",
          "dependencies": [
            "google_bigquery_dataset.crimes_la",
            "google_bigquery_table.Areas",
            "google_bigquery_table.Crime_Date",
            "google_bigquery_table.Crimes",
            "google_bigquery_table.Crimes_List",
            "google_bigquery_table.Location_Desc",
            "google_bigquery_table.Locations",
            "google_bigquery_table.Mocodes",
            "google_bigquery_table.Mocodes_Crimes",
            "google_bigquery_table.Premisses",
            "google_bigquery_table.Status",
            "google_bigquery_table.Victim_Descent",
            "google_bigquery_table.Victims",
            "google_bigquery_table.Weapons",
            "google_bigquery_table.crimes_la",
            "google_storage_bucket_object.data_folder",
            "random_string.random_id"
          ]
        },
        {
          "index_key": "./data/transformed_data/location_desc/part-00000-694b7c00-32b9-4f03-8f7f-e26c0bf769ef-c000.csv",
          "schema_version": 1,
          "attributes": {
            "copy": [],
            "effective_labels": {
              "job": "job_load"
            },
            "extract": [],
            "id": "projects/dw-lab1-dsa/jobs/load_job_jcraawrd_location_desc",
            "job_id": "load_job_jcraawrd_location_desc",
            "job_timeout_ms": "",
            "job_type": "LOAD",
            "labels": {
              "job": "job_load"
            },
            "load": [
              {
                "allow_jagged_rows": false,
                "allow_quoted_newlines": false,
                "autodetect": false,
                "create_disposition": "CREATE_IF_NEEDED",
                "destination_encryption_configuration": [],
                "destination_table": [
                  {
                    "dataset_id": "crimes_la",
                    "project_id": "dw-lab1-dsa",
                    "table_id": "projects/dw-lab1-dsa/datasets/crimes_la/tables/Location_Desc"
                  }
                ],
                "encoding": "UTF-8",
                "field_delimiter": "",
                "ignore_unknown_values": false,
                "json_extension": "",
                "max_bad_records": 0,
                "null_marker": "",
                "parquet_options": [],
                "projection_fields": null,
                "quote": "",
                "schema_update_options": null,
                "skip_leading_rows": 1,
                "source_format": "CSV",
                "source_uris": [
                  "gs://bucket-dw-modeling-pedro/data/transformed_data/location_desc/part-00000-694b7c00-32b9-4f03-8f7f-e26c0bf769ef-c000.csv"
                ],
                "time_partitioning": [],
                "write_disposition": "WRITE_APPEND"
              }
            ],
            "location": "US",
            "project": "dw-lab1-dsa",
            "query": [],
            "status": [
              {
                "error_result": [],
                "errors": [],
                "state": "RUNNING"
              }
            ],
            "terraform_labels": {
              "job": "job_load"
            },
            "timeouts": null,
            "user_email": "estudosgcppedro@gmail.com"
          },
          "sensitive_attributes": [],
          "private": "eyJlMmJmYjczMC1lY2FhLTExZTYtOGY4OC0zNDM2M2JjN2M0YzAiOnsiY3JlYXRlIjoxMjAwMDAwMDAwMDAwLCJkZWxldGUiOjEyMDAwMDAwMDAwMDAsInVwZGF0ZSI6MTIwMDAwMDAwMDAwMH0sInNjaGVtYV92ZXJzaW9uIjoiMSJ9",
          "dependencies": [
            "google_bigquery_dataset.crimes_la",
            "google_bigquery_table.Areas",
            "google_bigquery_table.Crime_Date",
            "google_bigquery_table.Crimes",
            "google_bigquery_table.Crimes_List",
            "google_bigquery_table.Location_Desc",
            "google_bigquery_table.Locations",
            "google_bigquery_table.Mocodes",
            "google_bigquery_table.Mocodes_Crimes",
            "google_bigquery_table.Premisses",
            "google_bigquery_table.Status",
            "google_bigquery_table.Victim_Descent",
            "google_bigquery_table.Victims",
            "google_bigquery_table.Weapons",
            "google_bigquery_table.crimes_la",
            "google_storage_bucket_object.data_folder",
            "random_string.random_id"
          ]
        },
        {
          "index_key": "./data/transformed_data/mocodes_crimes/part-00000-ada63643-22cb-438e-8a2b-c897b901ad6a-c000.csv",
          "schema_version": 1,
          "attributes": {
            "copy": [],
            "effective_labels": {
              "job": "job_load"
            },
            "extract": [],
            "id": "projects/dw-lab1-dsa/jobs/load_job_jcraawrd_mocodes_crimes",
            "job_id": "load_job_jcraawrd_mocodes_crimes",
            "job_timeout_ms": "",
            "job_type": "LOAD",
            "labels": {
              "job": "job_load"
            },
            "load": [
              {
                "allow_jagged_rows": false,
                "allow_quoted_newlines": false,
                "autodetect": false,
                "create_disposition": "CREATE_IF_NEEDED",
                "destination_encryption_configuration": [],
                "destination_table": [
                  {
                    "dataset_id": "crimes_la",
                    "project_id": "dw-lab1-dsa",
                    "table_id": "Mocodes_Crimes"
                  }
                ],
                "encoding": "UTF-8",
                "field_delimiter": "",
                "ignore_unknown_values": false,
                "json_extension": "",
                "max_bad_records": 0,
                "null_marker": "",
                "parquet_options": [],
                "projection_fields": null,
                "quote": "",
                "schema_update_options": null,
                "skip_leading_rows": 1,
                "source_format": "CSV",
                "source_uris": [
                  "gs://bucket-dw-modeling-pedro/data/transformed_data/mocodes_crimes/part-00000-ada63643-22cb-438e-8a2b-c897b901ad6a-c000.csv"
                ],
                "time_partitioning": [],
                "write_disposition": "WRITE_APPEND"
              }
            ],
            "location": "US",
            "project": "dw-lab1-dsa",
            "query": [],
            "status": [
              {
                "error_result": [],
                "errors": [],
                "state": "RUNNING"
              }
            ],
            "terraform_labels": {
              "job": "job_load"
            },
            "timeouts": null,
            "user_email": "estudosgcppedro@gmail.com"
          },
          "sensitive_attributes": [],
          "private": "eyJlMmJmYjczMC1lY2FhLTExZTYtOGY4OC0zNDM2M2JjN2M0YzAiOnsiY3JlYXRlIjoxMjAwMDAwMDAwMDAwLCJkZWxldGUiOjEyMDAwMDAwMDAwMDAsInVwZGF0ZSI6MTIwMDAwMDAwMDAwMH0sInNjaGVtYV92ZXJzaW9uIjoiMSJ9",
          "dependencies": [
            "google_bigquery_dataset.crimes_la",
            "google_bigquery_table.Areas",
            "google_bigquery_table.Crime_Date",
            "google_bigquery_table.Crimes",
            "google_bigquery_table.Crimes_List",
            "google_bigquery_table.Location_Desc",
            "google_bigquery_table.Locations",
            "google_bigquery_table.Mocodes",
            "google_bigquery_table.Mocodes_Crimes",
            "google_bigquery_table.Premisses",
            "google_bigquery_table.Status",
            "google_bigquery_table.Victim_Descent",
            "google_bigquery_table.Victims",
            "google_bigquery_table.Weapons",
            "google_bigquery_table.crimes_la",
            "google_storage_bucket_object.data_folder",
            "random_string.random_id"
          ]
        },
        {
          "index_key": "./data/transformed_data/mocodes_desc/part-00000-9ff21c9a-2b6f-4b24-9f96-cc5005d4edc8-c000.csv",
          "schema_version": 1,
          "attributes": {
            "copy": [],
            "effective_labels": {
              "job": "job_load"
            },
            "extract": [],
            "id": "projects/dw-lab1-dsa/jobs/load_job_jcraawrd_mocodes_desc",
            "job_id": "load_job_jcraawrd_mocodes_desc",
            "job_timeout_ms": "",
            "job_type": "LOAD",
            "labels": {
              "job": "job_load"
            },
            "load": [
              {
                "allow_jagged_rows": false,
                "allow_quoted_newlines": false,
                "autodetect": false,
                "create_disposition": "CREATE_IF_NEEDED",
                "destination_encryption_configuration": [],
                "destination_table": [
                  {
                    "dataset_id": "crimes_la",
                    "project_id": "dw-lab1-dsa",
                    "table_id": "Mocodes"
                  }
                ],
                "encoding": "UTF-8",
                "field_delimiter": "",
                "ignore_unknown_values": false,
                "json_extension": "",
                "max_bad_records": 0,
                "null_marker": "",
                "parquet_options": [],
                "projection_fields": null,
                "quote": "",
                "schema_update_options": null,
                "skip_leading_rows": 1,
                "source_format": "CSV",
                "source_uris": [
                  "gs://bucket-dw-modeling-pedro/data/transformed_data/mocodes_desc/part-00000-9ff21c9a-2b6f-4b24-9f96-cc5005d4edc8-c000.csv"
                ],
                "time_partitioning": [],
                "write_disposition": "WRITE_APPEND"
              }
            ],
            "location": "US",
            "project": "dw-lab1-dsa",
            "query": [],
            "status": [
              {
                "error_result": [],
                "errors": [],
                "state": "RUNNING"
              }
            ],
            "terraform_labels": {
              "job": "job_load"
            },
            "timeouts": null,
            "user_email": "estudosgcppedro@gmail.com"
          },
          "sensitive_attributes": [],
          "private": "eyJlMmJmYjczMC1lY2FhLTExZTYtOGY4OC0zNDM2M2JjN2M0YzAiOnsiY3JlYXRlIjoxMjAwMDAwMDAwMDAwLCJkZWxldGUiOjEyMDAwMDAwMDAwMDAsInVwZGF0ZSI6MTIwMDAwMDAwMDAwMH0sInNjaGVtYV92ZXJzaW9uIjoiMSJ9",
          "dependencies": [
            "google_bigquery_dataset.crimes_la",
            "google_bigquery_table.Areas",
            "google_bigquery_table.Crime_Date",
            "google_bigquery_table.Crimes",
            "google_bigquery_table.Crimes_List",
            "google_bigquery_table.Location_Desc",
            "google_bigquery_table.Locations",
            "google_bigquery_table.Mocodes",
            "google_bigquery_table.Mocodes_Crimes",
            "google_bigquery_table.Premisses",
            "google_bigquery_table.Status",
            "google_bigquery_table.Victim_Descent",
            "google_bigquery_table.Victims",
            "google_bigquery_table.Weapons",
            "google_bigquery_table.crimes_la",
            "google_storage_bucket_object.data_folder",
            "random_string.random_id"
          ]
        },
        {
          "index_key": "./data/transformed_data/premis/part-00000-40467569-bd53-4b85-9bff-7483950ecf43-c000.csv",
          "schema_version": 1,
          "attributes": {
            "copy": [],
            "effective_labels": {
              "job": "job_load"
            },
            "extract": [],
            "id": "projects/dw-lab1-dsa/jobs/load_job_jcraawrd_premis",
            "job_id": "load_job_jcraawrd_premis",
            "job_timeout_ms": "",
            "job_type": "LOAD",
            "labels": {
              "job": "job_load"
            },
            "load": [
              {
                "allow_jagged_rows": false,
                "allow_quoted_newlines": false,
                "autodetect": false,
                "create_disposition": "CREATE_IF_NEEDED",
                "destination_encryption_configuration": [],
                "destination_table": [
                  {
                    "dataset_id": "crimes_la",
                    "project_id": "dw-lab1-dsa",
                    "table_id": "Premisses"
                  }
                ],
                "encoding": "UTF-8",
                "field_delimiter": "",
                "ignore_unknown_values": false,
                "json_extension": "",
                "max_bad_records": 0,
                "null_marker": "",
                "parquet_options": [],
                "projection_fields": null,
                "quote": "",
                "schema_update_options": null,
                "skip_leading_rows": 1,
                "source_format": "CSV",
                "source_uris": [
                  "gs://bucket-dw-modeling-pedro/data/transformed_data/premis/part-00000-40467569-bd53-4b85-9bff-7483950ecf43-c000.csv"
                ],
                "time_partitioning": [],
                "write_disposition": "WRITE_APPEND"
              }
            ],
            "location": "US",
            "project": "dw-lab1-dsa",
            "query": [],
            "status": [
              {
                "error_result": [],
                "errors": [],
                "state": "RUNNING"
              }
            ],
            "terraform_labels": {
              "job": "job_load"
            },
            "timeouts": null,
            "user_email": "estudosgcppedro@gmail.com"
          },
          "sensitive_attributes": [],
          "private": "eyJlMmJmYjczMC1lY2FhLTExZTYtOGY4OC0zNDM2M2JjN2M0YzAiOnsiY3JlYXRlIjoxMjAwMDAwMDAwMDAwLCJkZWxldGUiOjEyMDAwMDAwMDAwMDAsInVwZGF0ZSI6MTIwMDAwMDAwMDAwMH0sInNjaGVtYV92ZXJzaW9uIjoiMSJ9",
          "dependencies": [
            "google_bigquery_dataset.crimes_la",
            "google_bigquery_table.Areas",
            "google_bigquery_table.Crime_Date",
            "google_bigquery_table.Crimes",
            "google_bigquery_table.Crimes_List",
            "google_bigquery_table.Location_Desc",
            "google_bigquery_table.Locations",
            "google_bigquery_table.Mocodes",
            "google_bigquery_table.Mocodes_Crimes",
            "google_bigquery_table.Premisses",
            "google_bigquery_table.Status",
            "google_bigquery_table.Victim_Descent",
            "google_bigquery_table.Victims",
            "google_bigquery_table.Weapons",
            "google_bigquery_table.crimes_la",
            "google_storage_bucket_object.data_folder",
            "random_string.random_id"
          ]
        },
        {
          "index_key": "./data/transformed_data/status/part-00000-36a9ff80-5875-47ff-b747-54d58bf51b12-c000.csv",
          "schema_version": 1,
          "attributes": {
            "copy": [],
            "effective_labels": {
              "job": "job_load"
            },
            "extract": [],
            "id": "projects/dw-lab1-dsa/jobs/load_job_jcraawrd_status",
            "job_id": "load_job_jcraawrd_status",
            "job_timeout_ms": "",
            "job_type": "LOAD",
            "labels": {
              "job": "job_load"
            },
            "load": [
              {
                "allow_jagged_rows": false,
                "allow_quoted_newlines": false,
                "autodetect": false,
                "create_disposition": "CREATE_IF_NEEDED",
                "destination_encryption_configuration": [],
                "destination_table": [
                  {
                    "dataset_id": "crimes_la",
                    "project_id": "dw-lab1-dsa",
                    "table_id": "Status"
                  }
                ],
                "encoding": "UTF-8",
                "field_delimiter": "",
                "ignore_unknown_values": false,
                "json_extension": "",
                "max_bad_records": 0,
                "null_marker": "",
                "parquet_options": [],
                "projection_fields": null,
                "quote": "",
                "schema_update_options": null,
                "skip_leading_rows": 1,
                "source_format": "CSV",
                "source_uris": [
                  "gs://bucket-dw-modeling-pedro/data/transformed_data/status/part-00000-36a9ff80-5875-47ff-b747-54d58bf51b12-c000.csv"
                ],
                "time_partitioning": [],
                "write_disposition": "WRITE_APPEND"
              }
            ],
            "location": "US",
            "project": "dw-lab1-dsa",
            "query": [],
            "status": [
              {
                "error_result": [],
                "errors": [],
                "state": "RUNNING"
              }
            ],
            "terraform_labels": {
              "job": "job_load"
            },
            "timeouts": null,
            "user_email": "estudosgcppedro@gmail.com"
          },
          "sensitive_attributes": [],
          "private": "eyJlMmJmYjczMC1lY2FhLTExZTYtOGY4OC0zNDM2M2JjN2M0YzAiOnsiY3JlYXRlIjoxMjAwMDAwMDAwMDAwLCJkZWxldGUiOjEyMDAwMDAwMDAwMDAsInVwZGF0ZSI6MTIwMDAwMDAwMDAwMH0sInNjaGVtYV92ZXJzaW9uIjoiMSJ9",
          "dependencies": [
            "google_bigquery_dataset.crimes_la",
            "google_bigquery_table.Areas",
            "google_bigquery_table.Crime_Date",
            "google_bigquery_table.Crimes",
            "google_bigquery_table.Crimes_List",
            "google_bigquery_table.Location_Desc",
            "google_bigquery_table.Locations",
            "google_bigquery_table.Mocodes",
            "google_bigquery_table.Mocodes_Crimes",
            "google_bigquery_table.Premisses",
            "google_bigquery_table.Status",
            "google_bigquery_table.Victim_Descent",
            "google_bigquery_table.Victims",
            "google_bigquery_table.Weapons",
            "google_bigquery_table.crimes_la",
            "google_storage_bucket_object.data_folder",
            "random_string.random_id"
          ]
        },
        {
          "index_key": "./data/transformed_data/victims/part-00000-fea3aa5f-6c29-4344-88b1-1dad270d9c23-c000.csv",
          "schema_version": 1,
          "attributes": {
            "copy": [],
            "effective_labels": {
              "job": "job_load"
            },
            "extract": [],
            "id": "projects/dw-lab1-dsa/jobs/load_job_jcraawrd_victims",
            "job_id": "load_job_jcraawrd_victims",
            "job_timeout_ms": "",
            "job_type": "LOAD",
            "labels": {
              "job": "job_load"
            },
            "load": [
              {
                "allow_jagged_rows": false,
                "allow_quoted_newlines": false,
                "autodetect": false,
                "create_disposition": "CREATE_IF_NEEDED",
                "destination_encryption_configuration": [],
                "destination_table": [
                  {
                    "dataset_id": "crimes_la",
                    "project_id": "dw-lab1-dsa",
                    "table_id": "Victims"
                  }
                ],
                "encoding": "UTF-8",
                "field_delimiter": "",
                "ignore_unknown_values": false,
                "json_extension": "",
                "max_bad_records": 0,
                "null_marker": "",
                "parquet_options": [],
                "projection_fields": null,
                "quote": "",
                "schema_update_options": null,
                "skip_leading_rows": 1,
                "source_format": "CSV",
                "source_uris": [
                  "gs://bucket-dw-modeling-pedro/data/transformed_data/victims/part-00000-fea3aa5f-6c29-4344-88b1-1dad270d9c23-c000.csv"
                ],
                "time_partitioning": [],
                "write_disposition": "WRITE_APPEND"
              }
            ],
            "location": "US",
            "project": "dw-lab1-dsa",
            "query": [],
            "status": [
              {
                "error_result": [],
                "errors": [],
                "state": "RUNNING"
              }
            ],
            "terraform_labels": {
              "job": "job_load"
            },
            "timeouts": null,
            "user_email": "estudosgcppedro@gmail.com"
          },
          "sensitive_attributes": [],
          "private": "eyJlMmJmYjczMC1lY2FhLTExZTYtOGY4OC0zNDM2M2JjN2M0YzAiOnsiY3JlYXRlIjoxMjAwMDAwMDAwMDAwLCJkZWxldGUiOjEyMDAwMDAwMDAwMDAsInVwZGF0ZSI6MTIwMDAwMDAwMDAwMH0sInNjaGVtYV92ZXJzaW9uIjoiMSJ9",
          "dependencies": [
            "google_bigquery_dataset.crimes_la",
            "google_bigquery_table.Areas",
            "google_bigquery_table.Crime_Date",
            "google_bigquery_table.Crimes",
            "google_bigquery_table.Crimes_List",
            "google_bigquery_table.Location_Desc",
            "google_bigquery_table.Locations",
            "google_bigquery_table.Mocodes",
            "google_bigquery_table.Mocodes_Crimes",
            "google_bigquery_table.Premisses",
            "google_bigquery_table.Status",
            "google_bigquery_table.Victim_Descent",
            "google_bigquery_table.Victims",
            "google_bigquery_table.Weapons",
            "google_bigquery_table.crimes_la",
            "google_storage_bucket_object.data_folder",
            "random_string.random_id"
          ]
        },
        {
          "index_key": "./data/transformed_data/weapons/part-00000-0ce99b9a-7a2f-4e2e-8e15-53146377d52e-c000.csv",
          "schema_version": 1,
          "attributes": {
            "copy": [],
            "effective_labels": {
              "job": "job_load"
            },
            "extract": [],
            "id": "projects/dw-lab1-dsa/jobs/load_job_jcraawrd_weapons",
            "job_id": "load_job_jcraawrd_weapons",
            "job_timeout_ms": "",
            "job_type": "LOAD",
            "labels": {
              "job": "job_load"
            },
            "load": [
              {
                "allow_jagged_rows": false,
                "allow_quoted_newlines": false,
                "autodetect": false,
                "create_disposition": "CREATE_IF_NEEDED",
                "destination_encryption_configuration": [],
                "destination_table": [
                  {
                    "dataset_id": "crimes_la",
                    "project_id": "dw-lab1-dsa",
                    "table_id": "Weapons"
                  }
                ],
                "encoding": "UTF-8",
                "field_delimiter": "",
                "ignore_unknown_values": false,
                "json_extension": "",
                "max_bad_records": 0,
                "null_marker": "",
                "parquet_options": [],
                "projection_fields": null,
                "quote": "",
                "schema_update_options": null,
                "skip_leading_rows": 1,
                "source_format": "CSV",
                "source_uris": [
                  "gs://bucket-dw-modeling-pedro/data/transformed_data/weapons/part-00000-0ce99b9a-7a2f-4e2e-8e15-53146377d52e-c000.csv"
                ],
                "time_partitioning": [],
                "write_disposition": "WRITE_APPEND"
              }
            ],
            "location": "US",
            "project": "dw-lab1-dsa",
            "query": [],
            "status": [
              {
                "error_result": [],
                "errors": [],
                "state": "RUNNING"
              }
            ],
            "terraform_labels": {
              "job": "job_load"
            },
            "timeouts": null,
            "user_email": "estudosgcppedro@gmail.com"
          },
          "sensitive_attributes": [],
          "private": "eyJlMmJmYjczMC1lY2FhLTExZTYtOGY4OC0zNDM2M2JjN2M0YzAiOnsiY3JlYXRlIjoxMjAwMDAwMDAwMDAwLCJkZWxldGUiOjEyMDAwMDAwMDAwMDAsInVwZGF0ZSI6MTIwMDAwMDAwMDAwMH0sInNjaGVtYV92ZXJzaW9uIjoiMSJ9",
          "dependencies": [
            "google_bigquery_dataset.crimes_la",
            "google_bigquery_table.Areas",
            "google_bigquery_table.Crime_Date",
            "google_bigquery_table.Crimes",
            "google_bigquery_table.Crimes_List",
            "google_bigquery_table.Location_Desc",
            "google_bigquery_table.Locations",
            "google_bigquery_table.Mocodes",
            "google_bigquery_table.Mocodes_Crimes",
            "google_bigquery_table.Premisses",
            "google_bigquery_table.Status",
            "google_bigquery_table.Victim_Descent",
            "google_bigquery_table.Victims",
            "google_bigquery_table.Weapons",
            "google_bigquery_table.crimes_la",
            "google_storage_bucket_object.data_folder",
            "random_string.random_id"
          ]
        }
      ]
    },
    {
      "mode": "managed",
      "type": "google_bigquery_table",
      "name": "Areas",
      "provider": "provider[\"registry.terraform.io/hashicorp/google\"]",
      "instances": [
        {
          "schema_version": 0,
          "attributes": {
            "clustering": null,
            "creation_time": 1713029250900,
            "dataset_id": "crimes_la",
            "deletion_protection": false,
            "description": "",
            "effective_labels": {},
            "encryption_configuration": [],
            "etag": "BYTjSMfVqrues4vCXSUGJQ==",
            "expiration_time": 0,
            "external_data_configuration": [],
            "friendly_name": "",
            "id": "projects/dw-lab1-dsa/datasets/crimes_la/tables/Areas",
            "labels": null,
            "last_modified_time": 1713029250982,
            "location": "US",
            "materialized_view": [],
            "max_staleness": "",
            "num_bytes": 0,
            "num_long_term_bytes": 0,
            "num_rows": 0,
            "project": "dw-lab1-dsa",
            "range_partitioning": [],
            "require_partition_filter": false,
            "schema": "[{\"mode\":\"REQUIRED\",\"name\":\"id\",\"type\":\"INTEGER\"},{\"mode\":\"REQUIRED\",\"name\":\"description\",\"type\":\"STRING\"}]",
            "self_link": "https://bigquery.googleapis.com/bigquery/v2/projects/dw-lab1-dsa/datasets/crimes_la/tables/Areas",
            "table_constraints": [],
            "table_id": "Areas",
            "table_replication_info": [],
            "terraform_labels": {},
            "time_partitioning": [],
            "type": "TABLE",
            "view": []
          },
          "sensitive_attributes": [],
          "private": "bnVsbA==",
          "dependencies": [
            "google_bigquery_dataset.crimes_la"
          ]
        }
      ]
    },
    {
      "mode": "managed",
      "type": "google_bigquery_table",
      "name": "Crime_Date",
      "provider": "provider[\"registry.terraform.io/hashicorp/google\"]",
      "instances": [
        {
          "schema_version": 0,
          "attributes": {
            "clustering": null,
            "creation_time": 1713029252046,
            "dataset_id": "crimes_la",
            "deletion_protection": false,
            "description": "",
            "effective_labels": {},
            "encryption_configuration": [],
            "etag": "T7CjtrEfK6+h0B1cCNqGLw==",
            "expiration_time": 0,
            "external_data_configuration": [],
            "friendly_name": "",
            "id": "projects/dw-lab1-dsa/datasets/crimes_la/tables/Crimes_Date",
            "labels": null,
            "last_modified_time": 1713029252138,
            "location": "US",
            "materialized_view": [],
            "max_staleness": "",
            "num_bytes": 0,
            "num_long_term_bytes": 0,
            "num_rows": 0,
            "project": "dw-lab1-dsa",
            "range_partitioning": [],
            "require_partition_filter": false,
            "schema": "[{\"mode\":\"REQUIRED\",\"name\":\"crime_id\",\"type\":\"INTEGER\"},{\"mode\":\"REQUIRED\",\"name\":\"date_rpt\",\"type\":\"DATE\"},{\"mode\":\"REQUIRED\",\"name\":\"datetime_occ\",\"type\":\"TIMESTAMP\"}]",
            "self_link": "https://bigquery.googleapis.com/bigquery/v2/projects/dw-lab1-dsa/datasets/crimes_la/tables/Crimes_Date",
            "table_constraints": [],
            "table_id": "Crimes_Date",
            "table_replication_info": [],
            "terraform_labels": {},
            "time_partitioning": [],
            "type": "TABLE",
            "view": []
          },
          "sensitive_attributes": [],
          "private": "bnVsbA==",
          "dependencies": [
            "google_bigquery_dataset.crimes_la"
          ]
        }
      ]
    },
    {
      "mode": "managed",
      "type": "google_bigquery_table",
      "name": "Crimes",
      "provider": "provider[\"registry.terraform.io/hashicorp/google\"]",
      "instances": [
        {
          "schema_version": 0,
          "attributes": {
            "clustering": null,
            "creation_time": 1713029253230,
            "dataset_id": "crimes_la",
            "deletion_protection": false,
            "description": "",
            "effective_labels": {},
            "encryption_configuration": [],
            "etag": "q6sKp6tJDi4/heXQgORykw==",
            "expiration_time": 0,
            "external_data_configuration": [],
            "friendly_name": "",
            "id": "projects/dw-lab1-dsa/datasets/crimes_la/tables/Crimes",
            "labels": null,
            "last_modified_time": 1713029253306,
            "location": "US",
            "materialized_view": [],
            "max_staleness": "",
            "num_bytes": 0,
            "num_long_term_bytes": 0,
            "num_rows": 0,
            "project": "dw-lab1-dsa",
            "range_partitioning": [],
            "require_partition_filter": false,
            "schema": "[{\"mode\":\"REQUIRED\",\"name\":\"id\",\"type\":\"INTEGER\"},{\"mode\":\"REQUIRED\",\"name\":\"description\",\"type\":\"STRING\"}]",
            "self_link": "https://bigquery.googleapis.com/bigquery/v2/projects/dw-lab1-dsa/datasets/crimes_la/tables/Crimes",
            "table_constraints": [],
            "table_id": "Crimes",
            "table_replication_info": [],
            "terraform_labels": {},
            "time_partitioning": [],
            "type": "TABLE",
            "view": []
          },
          "sensitive_attributes": [],
          "private": "bnVsbA==",
          "dependencies": [
            "google_bigquery_dataset.crimes_la"
          ]
        }
      ]
    },
    {
      "mode": "managed",
      "type": "google_bigquery_table",
      "name": "Crimes_List",
      "provider": "provider[\"registry.terraform.io/hashicorp/google\"]",
      "instances": [
        {
          "schema_version": 0,
          "attributes": {
            "clustering": null,
            "creation_time": 1713029250457,
            "dataset_id": "crimes_la",
            "deletion_protection": false,
            "description": "",
            "effective_labels": {},
            "encryption_configuration": [],
            "etag": "2kIVc8JJ9iLyxajFDakudg==",
            "expiration_time": 0,
            "external_data_configuration": [],
            "friendly_name": "",
            "id": "projects/dw-lab1-dsa/datasets/crimes_la/tables/Crimes_List",
            "labels": null,
            "last_modified_time": 1713029250521,
            "location": "US",
            "materialized_view": [],
            "max_staleness": "",
            "num_bytes": 0,
            "num_long_term_bytes": 0,
            "num_rows": 0,
            "project": "dw-lab1-dsa",
            "range_partitioning": [],
            "require_partition_filter": false,
            "schema": "[{\"mode\":\"REQUIRED\",\"name\":\"crime_id\",\"type\":\"INTEGER\"},{\"mode\":\"REQUIRED\",\"name\":\"Crm_Cd\",\"type\":\"INTEGER\"},{\"mode\":\"NULLABLE\",\"name\":\"Crm_Cd_2\",\"type\":\"INTEGER\"},{\"mode\":\"NULLABLE\",\"name\":\"Crm_Cd_3\",\"type\":\"INTEGER\"},{\"mode\":\"NULLABLE\",\"name\":\"Crm_Cd_4\",\"type\":\"INTEGER\"}]",
            "self_link": "https://bigquery.googleapis.com/bigquery/v2/projects/dw-lab1-dsa/datasets/crimes_la/tables/Crimes_List",
            "table_constraints": [],
            "table_id": "Crimes_List",
            "table_replication_info": [],
            "terraform_labels": {},
            "time_partitioning": [],
            "type": "TABLE",
            "view": []
          },
          "sensitive_attributes": [],
          "private": "bnVsbA==",
          "dependencies": [
            "google_bigquery_dataset.crimes_la"
          ]
        }
      ]
    },
    {
      "mode": "managed",
      "type": "google_bigquery_table",
      "name": "Location_Desc",
      "provider": "provider[\"registry.terraform.io/hashicorp/google\"]",
      "instances": [
        {
          "schema_version": 0,
          "attributes": {
            "clustering": null,
            "creation_time": 1713029253355,
            "dataset_id": "crimes_la",
            "deletion_protection": false,
            "description": "",
            "effective_labels": {},
            "encryption_configuration": [],
            "etag": "8qZ0elq9Hr8PJz+9WlWRNg==",
            "expiration_time": 0,
            "external_data_configuration": [],
            "friendly_name": "",
            "id": "projects/dw-lab1-dsa/datasets/crimes_la/tables/Location_Desc",
            "labels": null,
            "last_modified_time": 1713029253416,
            "location": "US",
            "materialized_view": [],
            "max_staleness": "",
            "num_bytes": 0,
            "num_long_term_bytes": 0,
            "num_rows": 0,
            "project": "dw-lab1-dsa",
            "range_partitioning": [],
            "require_partition_filter": false,
            "schema": "[{\"mode\":\"REQUIRED\",\"name\":\"id\",\"type\":\"INTEGER\"},{\"mode\":\"REQUIRED\",\"name\":\"description\",\"type\":\"STRING\"}]",
            "self_link": "https://bigquery.googleapis.com/bigquery/v2/projects/dw-lab1-dsa/datasets/crimes_la/tables/Location_Desc",
            "table_constraints": [],
            "table_id": "Location_Desc",
            "table_replication_info": [],
            "terraform_labels": {},
            "time_partitioning": [],
            "type": "TABLE",
            "view": []
          },
          "sensitive_attributes": [],
          "private": "bnVsbA==",
          "dependencies": [
            "google_bigquery_dataset.crimes_la"
          ]
        }
      ]
    },
    {
      "mode": "managed",
      "type": "google_bigquery_table",
      "name": "Locations",
      "provider": "provider[\"registry.terraform.io/hashicorp/google\"]",
      "instances": [
        {
          "schema_version": 0,
          "attributes": {
            "clustering": null,
            "creation_time": 1713029252615,
            "dataset_id": "crimes_la",
            "deletion_protection": false,
            "description": "",
            "effective_labels": {},
            "encryption_configuration": [],
            "etag": "afIP9Gpi3RocoqXDkk2y1g==",
            "expiration_time": 0,
            "external_data_configuration": [],
            "friendly_name": "",
            "id": "projects/dw-lab1-dsa/datasets/crimes_la/tables/Location",
            "labels": null,
            "last_modified_time": 1713029252698,
            "location": "US",
            "materialized_view": [],
            "max_staleness": "",
            "num_bytes": 0,
            "num_long_term_bytes": 0,
            "num_rows": 0,
            "project": "dw-lab1-dsa",
            "range_partitioning": [],
            "require_partition_filter": false,
            "schema": "[{\"mode\":\"REQUIRED\",\"name\":\"crime_id\",\"type\":\"INTEGER\"},{\"mode\":\"REQUIRED\",\"name\":\"area_id\",\"type\":\"INTEGER\"},{\"mode\":\"REQUIRED\",\"name\":\"location_id\",\"type\":\"INTEGER\"},{\"mode\":\"NULLABLE\",\"name\":\"cross_street\",\"type\":\"STRING\"},{\"mode\":\"REQUIRED\",\"name\":\"premis_id\",\"type\":\"INTEGER\"},{\"mode\":\"REQUIRED\",\"name\":\"lat\",\"type\":\"NUMERIC\"},{\"mode\":\"REQUIRED\",\"name\":\"lon\",\"type\":\"NUMERIC\"}]",
            "self_link": "https://bigquery.googleapis.com/bigquery/v2/projects/dw-lab1-dsa/datasets/crimes_la/tables/Location",
            "table_constraints": [],
            "table_id": "Location",
            "table_replication_info": [],
            "terraform_labels": {},
            "time_partitioning": [],
            "type": "TABLE",
            "view": []
          },
          "sensitive_attributes": [],
          "private": "bnVsbA==",
          "dependencies": [
            "google_bigquery_dataset.crimes_la"
          ]
        }
      ]
    },
    {
      "mode": "managed",
      "type": "google_bigquery_table",
      "name": "Mocodes",
      "provider": "provider[\"registry.terraform.io/hashicorp/google\"]",
      "instances": [
        {
          "schema_version": 0,
          "attributes": {
            "clustering": null,
            "creation_time": 1713029249615,
            "dataset_id": "crimes_la",
            "deletion_protection": false,
            "description": "",
            "effective_labels": {},
            "encryption_configuration": [],
            "etag": "120CnQADfN9NOlo0MsOPhw==",
            "expiration_time": 0,
            "external_data_configuration": [],
            "friendly_name": "",
            "id": "projects/dw-lab1-dsa/datasets/crimes_la/tables/Mocodes",
            "labels": null,
            "last_modified_time": 1713029249683,
            "location": "US",
            "materialized_view": [],
            "max_staleness": "",
            "num_bytes": 0,
            "num_long_term_bytes": 0,
            "num_rows": 0,
            "project": "dw-lab1-dsa",
            "range_partitioning": [],
            "require_partition_filter": false,
            "schema": "[{\"mode\":\"REQUIRED\",\"name\":\"id\",\"type\":\"INTEGER\"},{\"mode\":\"REQUIRED\",\"name\":\"description\",\"type\":\"STRING\"}]",
            "self_link": "https://bigquery.googleapis.com/bigquery/v2/projects/dw-lab1-dsa/datasets/crimes_la/tables/Mocodes",
            "table_constraints": [],
            "table_id": "Mocodes",
            "table_replication_info": [],
            "terraform_labels": {},
            "time_partitioning": [],
            "type": "TABLE",
            "view": []
          },
          "sensitive_attributes": [],
          "private": "bnVsbA==",
          "dependencies": [
            "google_bigquery_dataset.crimes_la"
          ]
        }
      ]
    },
    {
      "mode": "managed",
      "type": "google_bigquery_table",
      "name": "Mocodes_Crimes",
      "provider": "provider[\"registry.terraform.io/hashicorp/google\"]",
      "instances": [
        {
          "schema_version": 0,
          "attributes": {
            "clustering": null,
            "creation_time": 1713029251993,
            "dataset_id": "crimes_la",
            "deletion_protection": false,
            "description": "",
            "effective_labels": {},
            "encryption_configuration": [],
            "etag": "YXMo5I9vnLN8ijJkAsPTfA==",
            "expiration_time": 0,
            "external_data_configuration": [],
            "friendly_name": "",
            "id": "projects/dw-lab1-dsa/datasets/crimes_la/tables/Mocodes_Crimes",
            "labels": null,
            "last_modified_time": 1713029252063,
            "location": "US",
            "materialized_view": [],
            "max_staleness": "",
            "num_bytes": 0,
            "num_long_term_bytes": 0,
            "num_rows": 0,
            "project": "dw-lab1-dsa",
            "range_partitioning": [],
            "require_partition_filter": false,
            "schema": "[{\"mode\":\"REQUIRED\",\"name\":\"crime_id\",\"type\":\"INTEGER\"},{\"mode\":\"NULLABLE\",\"name\":\"Mocode1\",\"type\":\"INTEGER\"},{\"mode\":\"NULLABLE\",\"name\":\"Mocode2\",\"type\":\"INTEGER\"},{\"mode\":\"NULLABLE\",\"name\":\"Mocode3\",\"type\":\"INTEGER\"},{\"mode\":\"NULLABLE\",\"name\":\"Mocode4\",\"type\":\"INTEGER\"},{\"mode\":\"NULLABLE\",\"name\":\"Mocode5\",\"type\":\"INTEGER\"},{\"mode\":\"NULLABLE\",\"name\":\"Mocode6\",\"type\":\"INTEGER\"},{\"mode\":\"NULLABLE\",\"name\":\"Mocode7\",\"type\":\"INTEGER\"},{\"mode\":\"NULLABLE\",\"name\":\"Mocode8\",\"type\":\"INTEGER\"},{\"mode\":\"NULLABLE\",\"name\":\"Mocode9\",\"type\":\"INTEGER\"},{\"mode\":\"NULLABLE\",\"name\":\"Mocode10\",\"type\":\"INTEGER\"}]",
            "self_link": "https://bigquery.googleapis.com/bigquery/v2/projects/dw-lab1-dsa/datasets/crimes_la/tables/Mocodes_Crimes",
            "table_constraints": [],
            "table_id": "Mocodes_Crimes",
            "table_replication_info": [],
            "terraform_labels": {},
            "time_partitioning": [],
            "type": "TABLE",
            "view": []
          },
          "sensitive_attributes": [],
          "private": "bnVsbA==",
          "dependencies": [
            "google_bigquery_dataset.crimes_la"
          ]
        }
      ]
    },
    {
      "mode": "managed",
      "type": "google_bigquery_table",
      "name": "Premisses",
      "provider": "provider[\"registry.terraform.io/hashicorp/google\"]",
      "instances": [
        {
          "schema_version": 0,
          "attributes": {
            "clustering": null,
            "creation_time": 1713029251589,
            "dataset_id": "crimes_la",
            "deletion_protection": false,
            "description": "",
            "effective_labels": {},
            "encryption_configuration": [],
            "etag": "QWycftYDQKV6XWXRYS/BEA==",
            "expiration_time": 0,
            "external_data_configuration": [],
            "friendly_name": "",
            "id": "projects/dw-lab1-dsa/datasets/crimes_la/tables/Premisses",
            "labels": null,
            "last_modified_time": 1713029251644,
            "location": "US",
            "materialized_view": [],
            "max_staleness": "",
            "num_bytes": 0,
            "num_long_term_bytes": 0,
            "num_rows": 0,
            "project": "dw-lab1-dsa",
            "range_partitioning": [],
            "require_partition_filter": false,
            "schema": "[{\"mode\":\"REQUIRED\",\"name\":\"id\",\"type\":\"INTEGER\"},{\"mode\":\"REQUIRED\",\"name\":\"description\",\"type\":\"STRING\"}]",
            "self_link": "https://bigquery.googleapis.com/bigquery/v2/projects/dw-lab1-dsa/datasets/crimes_la/tables/Premisses",
            "table_constraints": [],
            "table_id": "Premisses",
            "table_replication_info": [],
            "terraform_labels": {},
            "time_partitioning": [],
            "type": "TABLE",
            "view": []
          },
          "sensitive_attributes": [],
          "private": "bnVsbA==",
          "dependencies": [
            "google_bigquery_dataset.crimes_la"
          ]
        }
      ]
    },
    {
      "mode": "managed",
      "type": "google_bigquery_table",
      "name": "Status",
      "provider": "provider[\"registry.terraform.io/hashicorp/google\"]",
      "instances": [
        {
          "schema_version": 0,
          "attributes": {
            "clustering": null,
            "creation_time": 1713029252751,
            "dataset_id": "crimes_la",
            "deletion_protection": false,
            "description": "",
            "effective_labels": {},
            "encryption_configuration": [],
            "etag": "+PTkHLsNTACKbJ3mIuO4Uw==",
            "expiration_time": 0,
            "external_data_configuration": [],
            "friendly_name": "",
            "id": "projects/dw-lab1-dsa/datasets/crimes_la/tables/Status",
            "labels": null,
            "last_modified_time": 1713029252836,
            "location": "US",
            "materialized_view": [],
            "max_staleness": "",
            "num_bytes": 0,
            "num_long_term_bytes": 0,
            "num_rows": 0,
            "project": "dw-lab1-dsa",
            "range_partitioning": [],
            "require_partition_filter": false,
            "schema": "[{\"mode\":\"REQUIRED\",\"name\":\"id\",\"type\":\"STRING\"},{\"mode\":\"REQUIRED\",\"name\":\"description\",\"type\":\"STRING\"}]",
            "self_link": "https://bigquery.googleapis.com/bigquery/v2/projects/dw-lab1-dsa/datasets/crimes_la/tables/Status",
            "table_constraints": [],
            "table_id": "Status",
            "table_replication_info": [],
            "terraform_labels": {},
            "time_partitioning": [],
            "type": "TABLE",
            "view": []
          },
          "sensitive_attributes": [],
          "private": "bnVsbA==",
          "dependencies": [
            "google_bigquery_dataset.crimes_la"
          ]
        }
      ]
    },
    {
      "mode": "managed",
      "type": "google_bigquery_table",
      "name": "Victim_Descent",
      "provider": "provider[\"registry.terraform.io/hashicorp/google\"]",
      "instances": [
        {
          "schema_version": 0,
          "attributes": {
            "clustering": null,
            "creation_time": 1713029251484,
            "dataset_id": "crimes_la",
            "deletion_protection": false,
            "description": "",
            "effective_labels": {},
            "encryption_configuration": [],
            "etag": "PF9ljuUsmjyKep1RdytHVw==",
            "expiration_time": 0,
            "external_data_configuration": [],
            "friendly_name": "",
            "id": "projects/dw-lab1-dsa/datasets/crimes_la/tables/Victim_Descent",
            "labels": null,
            "last_modified_time": 1713029251581,
            "location": "US",
            "materialized_view": [],
            "max_staleness": "",
            "num_bytes": 0,
            "num_long_term_bytes": 0,
            "num_rows": 0,
            "project": "dw-lab1-dsa",
            "range_partitioning": [],
            "require_partition_filter": false,
            "schema": "[{\"mode\":\"REQUIRED\",\"name\":\"id\",\"type\":\"STRING\"},{\"mode\":\"REQUIRED\",\"name\":\"description\",\"type\":\"STRING\"}]",
            "self_link": "https://bigquery.googleapis.com/bigquery/v2/projects/dw-lab1-dsa/datasets/crimes_la/tables/Victim_Descent",
            "table_constraints": [],
            "table_id": "Victim_Descent",
            "table_replication_info": [],
            "terraform_labels": {},
            "time_partitioning": [],
            "type": "TABLE",
            "view": []
          },
          "sensitive_attributes": [],
          "private": "bnVsbA==",
          "dependencies": [
            "google_bigquery_dataset.crimes_la"
          ]
        }
      ]
    },
    {
      "mode": "managed",
      "type": "google_bigquery_table",
      "name": "Victims",
      "provider": "provider[\"registry.terraform.io/hashicorp/google\"]",
      "instances": [
        {
          "schema_version": 0,
          "attributes": {
            "clustering": null,
            "creation_time": 1713029249223,
            "dataset_id": "crimes_la",
            "deletion_protection": false,
            "description": "",
            "effective_labels": {},
            "encryption_configuration": [],
            "etag": "gllwBnnViCKmYLQTIZAkPA==",
            "expiration_time": 0,
            "external_data_configuration": [],
            "friendly_name": "",
            "id": "projects/dw-lab1-dsa/datasets/crimes_la/tables/Victims",
            "labels": null,
            "last_modified_time": 1713029249292,
            "location": "US",
            "materialized_view": [],
            "max_staleness": "",
            "num_bytes": 0,
            "num_long_term_bytes": 0,
            "num_rows": 0,
            "project": "dw-lab1-dsa",
            "range_partitioning": [],
            "require_partition_filter": false,
            "schema": "[{\"mode\":\"REQUIRED\",\"name\":\"crime_id\",\"type\":\"INTEGER\"},{\"mode\":\"REQUIRED\",\"name\":\"age\",\"type\":\"INTEGER\"},{\"mode\":\"REQUIRED\",\"name\":\"sex\",\"type\":\"STRING\"},{\"mode\":\"REQUIRED\",\"name\":\"descent_id\",\"type\":\"STRING\"}]",
            "self_link": "https://bigquery.googleapis.com/bigquery/v2/projects/dw-lab1-dsa/datasets/crimes_la/tables/Victims",
            "table_constraints": [],
            "table_id": "Victims",
            "table_replication_info": [],
            "terraform_labels": {},
            "time_partitioning": [],
            "type": "TABLE",
            "view": []
          },
          "sensitive_attributes": [],
          "private": "bnVsbA==",
          "dependencies": [
            "google_bigquery_dataset.crimes_la"
          ]
        }
      ]
    },
    {
      "mode": "managed",
      "type": "google_bigquery_table",
      "name": "Weapons",
      "provider": "provider[\"registry.terraform.io/hashicorp/google\"]",
      "instances": [
        {
          "schema_version": 0,
          "attributes": {
            "clustering": null,
            "creation_time": 1713029250832,
            "dataset_id": "crimes_la",
            "deletion_protection": false,
            "description": "",
            "effective_labels": {},
            "encryption_configuration": [],
            "etag": "V3554GbdBODiBb/HbL4n1A==",
            "expiration_time": 0,
            "external_data_configuration": [],
            "friendly_name": "",
            "id": "projects/dw-lab1-dsa/datasets/crimes_la/tables/Weapons",
            "labels": null,
            "last_modified_time": 1713029250903,
            "location": "US",
            "materialized_view": [],
            "max_staleness": "",
            "num_bytes": 0,
            "num_long_term_bytes": 0,
            "num_rows": 0,
            "project": "dw-lab1-dsa",
            "range_partitioning": [],
            "require_partition_filter": false,
            "schema": "[{\"mode\":\"REQUIRED\",\"name\":\"id\",\"type\":\"INTEGER\"},{\"mode\":\"REQUIRED\",\"name\":\"description\",\"type\":\"STRING\"}]",
            "self_link": "https://bigquery.googleapis.com/bigquery/v2/projects/dw-lab1-dsa/datasets/crimes_la/tables/Weapons",
            "table_constraints": [],
            "table_id": "Weapons",
            "table_replication_info": [],
            "terraform_labels": {},
            "time_partitioning": [],
            "type": "TABLE",
            "view": []
          },
          "sensitive_attributes": [],
          "private": "bnVsbA==",
          "dependencies": [
            "google_bigquery_dataset.crimes_la"
          ]
        }
      ]
    },
    {
      "mode": "managed",
      "type": "google_bigquery_table",
      "name": "crimes_la",
      "provider": "provider[\"registry.terraform.io/hashicorp/google\"]",
      "instances": [
        {
          "schema_version": 0,
          "attributes": {
            "clustering": null,
            "creation_time": 1713029249577,
            "dataset_id": "crimes_la",
            "deletion_protection": false,
            "description": "",
            "effective_labels": {},
            "encryption_configuration": [],
            "etag": "X+YDXc010hhmfEU9wu686g==",
            "expiration_time": 0,
            "external_data_configuration": [],
            "friendly_name": "",
            "id": "projects/dw-lab1-dsa/datasets/crimes_la/tables/Crimes_La",
            "labels": null,
            "last_modified_time": 1713029249711,
            "location": "US",
            "materialized_view": [],
            "max_staleness": "",
            "num_bytes": 0,
            "num_long_term_bytes": 0,
            "num_rows": 0,
            "project": "dw-lab1-dsa",
            "range_partitioning": [],
            "require_partition_filter": false,
            "schema": "[{\"mode\":\"REQUIRED\",\"name\":\"id\",\"type\":\"INTEGER\"},{\"mode\":\"NULLABLE\",\"name\":\"Weapon_used_id\",\"type\":\"INTEGER\"},{\"mode\":\"REQUIRED\",\"name\":\"Status\",\"type\":\"STRING\"}]",
            "self_link": "https://bigquery.googleapis.com/bigquery/v2/projects/dw-lab1-dsa/datasets/crimes_la/tables/Crimes_La",
            "table_constraints": [],
            "table_id": "Crimes_La",
            "table_replication_info": [],
            "terraform_labels": {},
            "time_partitioning": [],
            "type": "TABLE",
            "view": []
          },
          "sensitive_attributes": [],
          "private": "bnVsbA==",
          "dependencies": [
            "google_bigquery_dataset.crimes_la"
          ]
        }
      ]
    },
    {
      "mode": "managed",
      "type": "google_storage_bucket_object",
      "name": "data_folder",
      "provider": "provider[\"registry.terraform.io/hashicorp/google\"]",
      "instances": [
        {
          "index_key": "./data/transformed_data/areas/part-00000-39983dc8-be17-4bd4-b9e8-0afdba0041ae-c000.csv",
          "schema_version": 0,
          "attributes": {
            "bucket": "bucket-dw-modeling-pedro",
            "cache_control": "",
            "content": null,
            "content_disposition": "",
            "content_encoding": "",
            "content_language": "",
            "content_type": "text/plain; charset=utf-8",
            "crc32c": "Fhvdyw==",
            "customer_encryption": [],
            "detect_md5hash": "nYvd9aCJ92OVA1h1r9XiEg==",
            "event_based_hold": false,
            "id": "bucket-dw-modeling-pedro-data/transformed_data/areas/part-00000-39983dc8-be17-4bd4-b9e8-0afdba0041ae-c000.csv",
            "kms_key_name": "",
            "md5hash": "nYvd9aCJ92OVA1h1r9XiEg==",
            "media_link": "https://storage.googleapis.com/download/storage/v1/b/bucket-dw-modeling-pedro/o/data%2Ftransformed_data%2Fareas%2Fpart-00000-39983dc8-be17-4bd4-b9e8-0afdba0041ae-c000.csv?generation=1713029248292983\u0026alt=media",
            "metadata": null,
            "name": "data/transformed_data/areas/part-00000-39983dc8-be17-4bd4-b9e8-0afdba0041ae-c000.csv",
            "output_name": "data/transformed_data/areas/part-00000-39983dc8-be17-4bd4-b9e8-0afdba0041ae-c000.csv",
            "retention": [],
            "self_link": "https://www.googleapis.com/storage/v1/b/bucket-dw-modeling-pedro/o/data%2Ftransformed_data%2Fareas%2Fpart-00000-39983dc8-be17-4bd4-b9e8-0afdba0041ae-c000.csv",
            "source": "../data/transformed_data/areas/part-00000-39983dc8-be17-4bd4-b9e8-0afdba0041ae-c000.csv",
            "storage_class": "STANDARD",
            "temporary_hold": false,
            "timeouts": null
          },
          "sensitive_attributes": [],
          "private": "eyJlMmJmYjczMC1lY2FhLTExZTYtOGY4OC0zNDM2M2JjN2M0YzAiOnsiY3JlYXRlIjoyNDAwMDAwMDAwMDAsImRlbGV0ZSI6MjQwMDAwMDAwMDAwLCJ1cGRhdGUiOjI0MDAwMDAwMDAwMH19"
        },
        {
          "index_key": "./data/transformed_data/crimes/part-00000-b5cf23f1-b832-47f4-8f42-d028c6b555ce-c000.csv",
          "schema_version": 0,
          "attributes": {
            "bucket": "bucket-dw-modeling-pedro",
            "cache_control": "",
            "content": null,
            "content_disposition": "",
            "content_encoding": "",
            "content_language": "",
            "content_type": "text/plain; charset=utf-8",
            "crc32c": "Urjphw==",
            "customer_encryption": [],
            "detect_md5hash": "iU78DryiO6d9S5wZXW2j9g==",
            "event_based_hold": false,
            "id": "bucket-dw-modeling-pedro-data/transformed_data/crimes/part-00000-b5cf23f1-b832-47f4-8f42-d028c6b555ce-c000.csv",
            "kms_key_name": "",
            "md5hash": "iU78DryiO6d9S5wZXW2j9g==",
            "media_link": "https://storage.googleapis.com/download/storage/v1/b/bucket-dw-modeling-pedro/o/data%2Ftransformed_data%2Fcrimes%2Fpart-00000-b5cf23f1-b832-47f4-8f42-d028c6b555ce-c000.csv?generation=1713029248292908\u0026alt=media",
            "metadata": null,
            "name": "data/transformed_data/crimes/part-00000-b5cf23f1-b832-47f4-8f42-d028c6b555ce-c000.csv",
            "output_name": "data/transformed_data/crimes/part-00000-b5cf23f1-b832-47f4-8f42-d028c6b555ce-c000.csv",
            "retention": [],
            "self_link": "https://www.googleapis.com/storage/v1/b/bucket-dw-modeling-pedro/o/data%2Ftransformed_data%2Fcrimes%2Fpart-00000-b5cf23f1-b832-47f4-8f42-d028c6b555ce-c000.csv",
            "source": "../data/transformed_data/crimes/part-00000-b5cf23f1-b832-47f4-8f42-d028c6b555ce-c000.csv",
            "storage_class": "STANDARD",
            "temporary_hold": false,
            "timeouts": null
          },
          "sensitive_attributes": [],
          "private": "eyJlMmJmYjczMC1lY2FhLTExZTYtOGY4OC0zNDM2M2JjN2M0YzAiOnsiY3JlYXRlIjoyNDAwMDAwMDAwMDAsImRlbGV0ZSI6MjQwMDAwMDAwMDAwLCJ1cGRhdGUiOjI0MDAwMDAwMDAwMH19"
        },
        {
          "index_key": "./data/transformed_data/crimes_date/part-00000-6d5bbf31-bc4f-4cc3-8f72-f2d682507a16-c000.csv",
          "schema_version": 0,
          "attributes": {
            "bucket": "bucket-dw-modeling-pedro",
            "cache_control": "",
            "content": null,
            "content_disposition": "",
            "content_encoding": "",
            "content_language": "",
            "content_type": "text/plain; charset=utf-8",
            "crc32c": "TBOBfw==",
            "customer_encryption": [],
            "detect_md5hash": "g1/0uACEMyAH3mctApN3YQ==",
            "event_based_hold": false,
            "id": "bucket-dw-modeling-pedro-data/transformed_data/crimes_date/part-00000-6d5bbf31-bc4f-4cc3-8f72-f2d682507a16-c000.csv",
            "kms_key_name": "",
            "md5hash": "g1/0uACEMyAH3mctApN3YQ==",
            "media_link": "https://storage.googleapis.com/download/storage/v1/b/bucket-dw-modeling-pedro/o/data%2Ftransformed_data%2Fcrimes_date%2Fpart-00000-6d5bbf31-bc4f-4cc3-8f72-f2d682507a16-c000.csv?generation=1713029265381787\u0026alt=media",
            "metadata": null,
            "name": "data/transformed_data/crimes_date/part-00000-6d5bbf31-bc4f-4cc3-8f72-f2d682507a16-c000.csv",
            "output_name": "data/transformed_data/crimes_date/part-00000-6d5bbf31-bc4f-4cc3-8f72-f2d682507a16-c000.csv",
            "retention": [],
            "self_link": "https://www.googleapis.com/storage/v1/b/bucket-dw-modeling-pedro/o/data%2Ftransformed_data%2Fcrimes_date%2Fpart-00000-6d5bbf31-bc4f-4cc3-8f72-f2d682507a16-c000.csv",
            "source": "../data/transformed_data/crimes_date/part-00000-6d5bbf31-bc4f-4cc3-8f72-f2d682507a16-c000.csv",
            "storage_class": "STANDARD",
            "temporary_hold": false,
            "timeouts": null
          },
          "sensitive_attributes": [],
          "private": "eyJlMmJmYjczMC1lY2FhLTExZTYtOGY4OC0zNDM2M2JjN2M0YzAiOnsiY3JlYXRlIjoyNDAwMDAwMDAwMDAsImRlbGV0ZSI6MjQwMDAwMDAwMDAwLCJ1cGRhdGUiOjI0MDAwMDAwMDAwMH19"
        },
        {
          "index_key": "./data/transformed_data/crimes_la/part-00000-d853d89a-fbbe-410b-ae6d-d066d120f49e-c000.csv",
          "schema_version": 0,
          "attributes": {
            "bucket": "bucket-dw-modeling-pedro",
            "cache_control": "",
            "content": null,
            "content_disposition": "",
            "content_encoding": "",
            "content_language": "",
            "content_type": "text/plain; charset=utf-8",
            "crc32c": "oyaFkQ==",
            "customer_encryption": [],
            "detect_md5hash": "7M9azQbE7Ydy+1Mb09qNWg==",
            "event_based_hold": false,
            "id": "bucket-dw-modeling-pedro-data/transformed_data/crimes_la/part-00000-d853d89a-fbbe-410b-ae6d-d066d120f49e-c000.csv",
            "kms_key_name": "",
            "md5hash": "7M9azQbE7Ydy+1Mb09qNWg==",
            "media_link": "https://storage.googleapis.com/download/storage/v1/b/bucket-dw-modeling-pedro/o/data%2Ftransformed_data%2Fcrimes_la%2Fpart-00000-d853d89a-fbbe-410b-ae6d-d066d120f49e-c000.csv?generation=1713029256620219\u0026alt=media",
            "metadata": null,
            "name": "data/transformed_data/crimes_la/part-00000-d853d89a-fbbe-410b-ae6d-d066d120f49e-c000.csv",
            "output_name": "data/transformed_data/crimes_la/part-00000-d853d89a-fbbe-410b-ae6d-d066d120f49e-c000.csv",
            "retention": [],
            "self_link": "https://www.googleapis.com/storage/v1/b/bucket-dw-modeling-pedro/o/data%2Ftransformed_data%2Fcrimes_la%2Fpart-00000-d853d89a-fbbe-410b-ae6d-d066d120f49e-c000.csv",
            "source": "../data/transformed_data/crimes_la/part-00000-d853d89a-fbbe-410b-ae6d-d066d120f49e-c000.csv",
            "storage_class": "STANDARD",
            "temporary_hold": false,
            "timeouts": null
          },
          "sensitive_attributes": [],
          "private": "eyJlMmJmYjczMC1lY2FhLTExZTYtOGY4OC0zNDM2M2JjN2M0YzAiOnsiY3JlYXRlIjoyNDAwMDAwMDAwMDAsImRlbGV0ZSI6MjQwMDAwMDAwMDAwLCJ1cGRhdGUiOjI0MDAwMDAwMDAwMH19"
        },
        {
          "index_key": "./data/transformed_data/crimes_list/part-00000-fef179f8-86db-497f-8bc6-ed3cb3ffbdb8-c000.csv",
          "schema_version": 0,
          "attributes": {
            "bucket": "bucket-dw-modeling-pedro",
            "cache_control": "",
            "content": null,
            "content_disposition": "",
            "content_encoding": "",
            "content_language": "",
            "content_type": "text/plain; charset=utf-8",
            "crc32c": "4RynCw==",
            "customer_encryption": [],
            "detect_md5hash": "ThUql+DqI08edmqLQEb8VQ==",
            "event_based_hold": false,
            "id": "bucket-dw-modeling-pedro-data/transformed_data/crimes_list/part-00000-fef179f8-86db-497f-8bc6-ed3cb3ffbdb8-c000.csv",
            "kms_key_name": "",
            "md5hash": "ThUql+DqI08edmqLQEb8VQ==",
            "media_link": "https://storage.googleapis.com/download/storage/v1/b/bucket-dw-modeling-pedro/o/data%2Ftransformed_data%2Fcrimes_list%2Fpart-00000-fef179f8-86db-497f-8bc6-ed3cb3ffbdb8-c000.csv?generation=1713029257416632\u0026alt=media",
            "metadata": null,
            "name": "data/transformed_data/crimes_list/part-00000-fef179f8-86db-497f-8bc6-ed3cb3ffbdb8-c000.csv",
            "output_name": "data/transformed_data/crimes_list/part-00000-fef179f8-86db-497f-8bc6-ed3cb3ffbdb8-c000.csv",
            "retention": [],
            "self_link": "https://www.googleapis.com/storage/v1/b/bucket-dw-modeling-pedro/o/data%2Ftransformed_data%2Fcrimes_list%2Fpart-00000-fef179f8-86db-497f-8bc6-ed3cb3ffbdb8-c000.csv",
            "source": "../data/transformed_data/crimes_list/part-00000-fef179f8-86db-497f-8bc6-ed3cb3ffbdb8-c000.csv",
            "storage_class": "STANDARD",
            "temporary_hold": false,
            "timeouts": null
          },
          "sensitive_attributes": [],
          "private": "eyJlMmJmYjczMC1lY2FhLTExZTYtOGY4OC0zNDM2M2JjN2M0YzAiOnsiY3JlYXRlIjoyNDAwMDAwMDAwMDAsImRlbGV0ZSI6MjQwMDAwMDAwMDAwLCJ1cGRhdGUiOjI0MDAwMDAwMDAwMH19"
        },
        {
          "index_key": "./data/transformed_data/descent/part-00000-1fe9c727-539b-4e1b-ba4c-a815c0bfc23f-c000.csv",
          "schema_version": 0,
          "attributes": {
            "bucket": "bucket-dw-modeling-pedro",
            "cache_control": "",
            "content": null,
            "content_disposition": "",
            "content_encoding": "",
            "content_language": "",
            "content_type": "text/plain; charset=utf-8",
            "crc32c": "qw8twg==",
            "customer_encryption": [],
            "detect_md5hash": "RA4YhnLoFBeV93bivUmvRQ==",
            "event_based_hold": false,
            "id": "bucket-dw-modeling-pedro-data/transformed_data/descent/part-00000-1fe9c727-539b-4e1b-ba4c-a815c0bfc23f-c000.csv",
            "kms_key_name": "",
            "md5hash": "RA4YhnLoFBeV93bivUmvRQ==",
            "media_link": "https://storage.googleapis.com/download/storage/v1/b/bucket-dw-modeling-pedro/o/data%2Ftransformed_data%2Fdescent%2Fpart-00000-1fe9c727-539b-4e1b-ba4c-a815c0bfc23f-c000.csv?generation=1713029248917079\u0026alt=media",
            "metadata": null,
            "name": "data/transformed_data/descent/part-00000-1fe9c727-539b-4e1b-ba4c-a815c0bfc23f-c000.csv",
            "output_name": "data/transformed_data/descent/part-00000-1fe9c727-539b-4e1b-ba4c-a815c0bfc23f-c000.csv",
            "retention": [],
            "self_link": "https://www.googleapis.com/storage/v1/b/bucket-dw-modeling-pedro/o/data%2Ftransformed_data%2Fdescent%2Fpart-00000-1fe9c727-539b-4e1b-ba4c-a815c0bfc23f-c000.csv",
            "source": "../data/transformed_data/descent/part-00000-1fe9c727-539b-4e1b-ba4c-a815c0bfc23f-c000.csv",
            "storage_class": "STANDARD",
            "temporary_hold": false,
            "timeouts": null
          },
          "sensitive_attributes": [],
          "private": "eyJlMmJmYjczMC1lY2FhLTExZTYtOGY4OC0zNDM2M2JjN2M0YzAiOnsiY3JlYXRlIjoyNDAwMDAwMDAwMDAsImRlbGV0ZSI6MjQwMDAwMDAwMDAwLCJ1cGRhdGUiOjI0MDAwMDAwMDAwMH19"
        },
        {
          "index_key": "./data/transformed_data/location/part-00000-f564d0be-fc6d-48af-80f9-510f863217a1-c000.csv",
          "schema_version": 0,
          "attributes": {
            "bucket": "bucket-dw-modeling-pedro",
            "cache_control": "",
            "content": null,
            "content_disposition": "",
            "content_encoding": "",
            "content_language": "",
            "content_type": "text/plain; charset=utf-8",
            "crc32c": "PhVIdQ==",
            "customer_encryption": [],
            "detect_md5hash": "WwGaFya75hM/AYubLecl6g==",
            "event_based_hold": false,
            "id": "bucket-dw-modeling-pedro-data/transformed_data/location/part-00000-f564d0be-fc6d-48af-80f9-510f863217a1-c000.csv",
            "kms_key_name": "",
            "md5hash": "WwGaFya75hM/AYubLecl6g==",
            "media_link": "https://storage.googleapis.com/download/storage/v1/b/bucket-dw-modeling-pedro/o/data%2Ftransformed_data%2Flocation%2Fpart-00000-f564d0be-fc6d-48af-80f9-510f863217a1-c000.csv?generation=1713029265097393\u0026alt=media",
            "metadata": null,
            "name": "data/transformed_data/location/part-00000-f564d0be-fc6d-48af-80f9-510f863217a1-c000.csv",
            "output_name": "data/transformed_data/location/part-00000-f564d0be-fc6d-48af-80f9-510f863217a1-c000.csv",
            "retention": [],
            "self_link": "https://www.googleapis.com/storage/v1/b/bucket-dw-modeling-pedro/o/data%2Ftransformed_data%2Flocation%2Fpart-00000-f564d0be-fc6d-48af-80f9-510f863217a1-c000.csv",
            "source": "../data/transformed_data/location/part-00000-f564d0be-fc6d-48af-80f9-510f863217a1-c000.csv",
            "storage_class": "STANDARD",
            "temporary_hold": false,
            "timeouts": null
          },
          "sensitive_attributes": [],
          "private": "eyJlMmJmYjczMC1lY2FhLTExZTYtOGY4OC0zNDM2M2JjN2M0YzAiOnsiY3JlYXRlIjoyNDAwMDAwMDAwMDAsImRlbGV0ZSI6MjQwMDAwMDAwMDAwLCJ1cGRhdGUiOjI0MDAwMDAwMDAwMH19"
        },
        {
          "index_key": "./data/transformed_data/location_desc/part-00000-694b7c00-32b9-4f03-8f7f-e26c0bf769ef-c000.csv",
          "schema_version": 0,
          "attributes": {
            "bucket": "bucket-dw-modeling-pedro",
            "cache_control": "",
            "content": null,
            "content_disposition": "",
            "content_encoding": "",
            "content_language": "",
            "content_type": "text/plain; charset=utf-8",
            "crc32c": "ot7gjw==",
            "customer_encryption": [],
            "detect_md5hash": "h1jtxKwvVCcUyUosmNI8eg==",
            "event_based_hold": false,
            "id": "bucket-dw-modeling-pedro-data/transformed_data/location_desc/part-00000-694b7c00-32b9-4f03-8f7f-e26c0bf769ef-c000.csv",
            "kms_key_name": "",
            "md5hash": "h1jtxKwvVCcUyUosmNI8eg==",
            "media_link": "https://storage.googleapis.com/download/storage/v1/b/bucket-dw-modeling-pedro/o/data%2Ftransformed_data%2Flocation_desc%2Fpart-00000-694b7c00-32b9-4f03-8f7f-e26c0bf769ef-c000.csv?generation=1713029250885110\u0026alt=media",
            "metadata": null,
            "name": "data/transformed_data/location_desc/part-00000-694b7c00-32b9-4f03-8f7f-e26c0bf769ef-c000.csv",
            "output_name": "data/transformed_data/location_desc/part-00000-694b7c00-32b9-4f03-8f7f-e26c0bf769ef-c000.csv",
            "retention": [],
            "self_link": "https://www.googleapis.com/storage/v1/b/bucket-dw-modeling-pedro/o/data%2Ftransformed_data%2Flocation_desc%2Fpart-00000-694b7c00-32b9-4f03-8f7f-e26c0bf769ef-c000.csv",
            "source": "../data/transformed_data/location_desc/part-00000-694b7c00-32b9-4f03-8f7f-e26c0bf769ef-c000.csv",
            "storage_class": "STANDARD",
            "temporary_hold": false,
            "timeouts": null
          },
          "sensitive_attributes": [],
          "private": "eyJlMmJmYjczMC1lY2FhLTExZTYtOGY4OC0zNDM2M2JjN2M0YzAiOnsiY3JlYXRlIjoyNDAwMDAwMDAwMDAsImRlbGV0ZSI6MjQwMDAwMDAwMDAwLCJ1cGRhdGUiOjI0MDAwMDAwMDAwMH19"
        },
        {
          "index_key": "./data/transformed_data/mocodes_crimes/part-00000-ada63643-22cb-438e-8a2b-c897b901ad6a-c000.csv",
          "schema_version": 0,
          "attributes": {
            "bucket": "bucket-dw-modeling-pedro",
            "cache_control": "",
            "content": null,
            "content_disposition": "",
            "content_encoding": "",
            "content_language": "",
            "content_type": "text/plain; charset=utf-8",
            "crc32c": "lh6jGg==",
            "customer_encryption": [],
            "detect_md5hash": "hf26xkHRfnNOKcrSUWtk6Q==",
            "event_based_hold": false,
            "id": "bucket-dw-modeling-pedro-data/transformed_data/mocodes_crimes/part-00000-ada63643-22cb-438e-8a2b-c897b901ad6a-c000.csv",
            "kms_key_name": "",
            "md5hash": "hf26xkHRfnNOKcrSUWtk6Q==",
            "media_link": "https://storage.googleapis.com/download/storage/v1/b/bucket-dw-modeling-pedro/o/data%2Ftransformed_data%2Fmocodes_crimes%2Fpart-00000-ada63643-22cb-438e-8a2b-c897b901ad6a-c000.csv?generation=1713029262352781\u0026alt=media",
            "metadata": null,
            "name": "data/transformed_data/mocodes_crimes/part-00000-ada63643-22cb-438e-8a2b-c897b901ad6a-c000.csv",
            "output_name": "data/transformed_data/mocodes_crimes/part-00000-ada63643-22cb-438e-8a2b-c897b901ad6a-c000.csv",
            "retention": [],
            "self_link": "https://www.googleapis.com/storage/v1/b/bucket-dw-modeling-pedro/o/data%2Ftransformed_data%2Fmocodes_crimes%2Fpart-00000-ada63643-22cb-438e-8a2b-c897b901ad6a-c000.csv",
            "source": "../data/transformed_data/mocodes_crimes/part-00000-ada63643-22cb-438e-8a2b-c897b901ad6a-c000.csv",
            "storage_class": "STANDARD",
            "temporary_hold": false,
            "timeouts": null
          },
          "sensitive_attributes": [],
          "private": "eyJlMmJmYjczMC1lY2FhLTExZTYtOGY4OC0zNDM2M2JjN2M0YzAiOnsiY3JlYXRlIjoyNDAwMDAwMDAwMDAsImRlbGV0ZSI6MjQwMDAwMDAwMDAwLCJ1cGRhdGUiOjI0MDAwMDAwMDAwMH19"
        },
        {
          "index_key": "./data/transformed_data/mocodes_desc/part-00000-9ff21c9a-2b6f-4b24-9f96-cc5005d4edc8-c000.csv",
          "schema_version": 0,
          "attributes": {
            "bucket": "bucket-dw-modeling-pedro",
            "cache_control": "",
            "content": null,
            "content_disposition": "",
            "content_encoding": "",
            "content_language": "",
            "content_type": "text/plain; charset=utf-8",
            "crc32c": "Pko00w==",
            "customer_encryption": [],
            "detect_md5hash": "TqoRVsozlY7VOpuo4gUzEg==",
            "event_based_hold": false,
            "id": "bucket-dw-modeling-pedro-data/transformed_data/mocodes_desc/part-00000-9ff21c9a-2b6f-4b24-9f96-cc5005d4edc8-c000.csv",
            "kms_key_name": "",
            "md5hash": "TqoRVsozlY7VOpuo4gUzEg==",
            "media_link": "https://storage.googleapis.com/download/storage/v1/b/bucket-dw-modeling-pedro/o/data%2Ftransformed_data%2Fmocodes_desc%2Fpart-00000-9ff21c9a-2b6f-4b24-9f96-cc5005d4edc8-c000.csv?generation=1713029248292930\u0026alt=media",
            "metadata": null,
            "name": "data/transformed_data/mocodes_desc/part-00000-9ff21c9a-2b6f-4b24-9f96-cc5005d4edc8-c000.csv",
            "output_name": "data/transformed_data/mocodes_desc/part-00000-9ff21c9a-2b6f-4b24-9f96-cc5005d4edc8-c000.csv",
            "retention": [],
            "self_link": "https://www.googleapis.com/storage/v1/b/bucket-dw-modeling-pedro/o/data%2Ftransformed_data%2Fmocodes_desc%2Fpart-00000-9ff21c9a-2b6f-4b24-9f96-cc5005d4edc8-c000.csv",
            "source": "../data/transformed_data/mocodes_desc/part-00000-9ff21c9a-2b6f-4b24-9f96-cc5005d4edc8-c000.csv",
            "storage_class": "STANDARD",
            "temporary_hold": false,
            "timeouts": null
          },
          "sensitive_attributes": [],
          "private": "eyJlMmJmYjczMC1lY2FhLTExZTYtOGY4OC0zNDM2M2JjN2M0YzAiOnsiY3JlYXRlIjoyNDAwMDAwMDAwMDAsImRlbGV0ZSI6MjQwMDAwMDAwMDAwLCJ1cGRhdGUiOjI0MDAwMDAwMDAwMH19"
        },
        {
          "index_key": "./data/transformed_data/premis/part-00000-40467569-bd53-4b85-9bff-7483950ecf43-c000.csv",
          "schema_version": 0,
          "attributes": {
            "bucket": "bucket-dw-modeling-pedro",
            "cache_control": "",
            "content": null,
            "content_disposition": "",
            "content_encoding": "",
            "content_language": "",
            "content_type": "text/plain; charset=utf-8",
            "crc32c": "+eX6PA==",
            "customer_encryption": [],
            "detect_md5hash": "kShHvAioU0aY2VqV8DSUSA==",
            "event_based_hold": false,
            "id": "bucket-dw-modeling-pedro-data/transformed_data/premis/part-00000-40467569-bd53-4b85-9bff-7483950ecf43-c000.csv",
            "kms_key_name": "",
            "md5hash": "kShHvAioU0aY2VqV8DSUSA==",
            "media_link": "https://storage.googleapis.com/download/storage/v1/b/bucket-dw-modeling-pedro/o/data%2Ftransformed_data%2Fpremis%2Fpart-00000-40467569-bd53-4b85-9bff-7483950ecf43-c000.csv?generation=1713029248968090\u0026alt=media",
            "metadata": null,
            "name": "data/transformed_data/premis/part-00000-40467569-bd53-4b85-9bff-7483950ecf43-c000.csv",
            "output_name": "data/transformed_data/premis/part-00000-40467569-bd53-4b85-9bff-7483950ecf43-c000.csv",
            "retention": [],
            "self_link": "https://www.googleapis.com/storage/v1/b/bucket-dw-modeling-pedro/o/data%2Ftransformed_data%2Fpremis%2Fpart-00000-40467569-bd53-4b85-9bff-7483950ecf43-c000.csv",
            "source": "../data/transformed_data/premis/part-00000-40467569-bd53-4b85-9bff-7483950ecf43-c000.csv",
            "storage_class": "STANDARD",
            "temporary_hold": false,
            "timeouts": null
          },
          "sensitive_attributes": [],
          "private": "eyJlMmJmYjczMC1lY2FhLTExZTYtOGY4OC0zNDM2M2JjN2M0YzAiOnsiY3JlYXRlIjoyNDAwMDAwMDAwMDAsImRlbGV0ZSI6MjQwMDAwMDAwMDAwLCJ1cGRhdGUiOjI0MDAwMDAwMDAwMH19"
        },
        {
          "index_key": "./data/transformed_data/status/part-00000-36a9ff80-5875-47ff-b747-54d58bf51b12-c000.csv",
          "schema_version": 0,
          "attributes": {
            "bucket": "bucket-dw-modeling-pedro",
            "cache_control": "",
            "content": null,
            "content_disposition": "",
            "content_encoding": "",
            "content_language": "",
            "content_type": "text/plain; charset=utf-8",
            "crc32c": "QNiLfQ==",
            "customer_encryption": [],
            "detect_md5hash": "NIuSbIcCfskb+4DSZvz/yQ==",
            "event_based_hold": false,
            "id": "bucket-dw-modeling-pedro-data/transformed_data/status/part-00000-36a9ff80-5875-47ff-b747-54d58bf51b12-c000.csv",
            "kms_key_name": "",
            "md5hash": "NIuSbIcCfskb+4DSZvz/yQ==",
            "media_link": "https://storage.googleapis.com/download/storage/v1/b/bucket-dw-modeling-pedro/o/data%2Ftransformed_data%2Fstatus%2Fpart-00000-36a9ff80-5875-47ff-b747-54d58bf51b12-c000.csv?generation=1713029248292980\u0026alt=media",
            "metadata": null,
            "name": "data/transformed_data/status/part-00000-36a9ff80-5875-47ff-b747-54d58bf51b12-c000.csv",
            "output_name": "data/transformed_data/status/part-00000-36a9ff80-5875-47ff-b747-54d58bf51b12-c000.csv",
            "retention": [],
            "self_link": "https://www.googleapis.com/storage/v1/b/bucket-dw-modeling-pedro/o/data%2Ftransformed_data%2Fstatus%2Fpart-00000-36a9ff80-5875-47ff-b747-54d58bf51b12-c000.csv",
            "source": "../data/transformed_data/status/part-00000-36a9ff80-5875-47ff-b747-54d58bf51b12-c000.csv",
            "storage_class": "STANDARD",
            "temporary_hold": false,
            "timeouts": null
          },
          "sensitive_attributes": [],
          "private": "eyJlMmJmYjczMC1lY2FhLTExZTYtOGY4OC0zNDM2M2JjN2M0YzAiOnsiY3JlYXRlIjoyNDAwMDAwMDAwMDAsImRlbGV0ZSI6MjQwMDAwMDAwMDAwLCJ1cGRhdGUiOjI0MDAwMDAwMDAwMH19"
        },
        {
          "index_key": "./data/transformed_data/victims/part-00000-fea3aa5f-6c29-4344-88b1-1dad270d9c23-c000.csv",
          "schema_version": 0,
          "attributes": {
            "bucket": "bucket-dw-modeling-pedro",
            "cache_control": "",
            "content": null,
            "content_disposition": "",
            "content_encoding": "",
            "content_language": "",
            "content_type": "text/plain; charset=utf-8",
            "crc32c": "CnI45g==",
            "customer_encryption": [],
            "detect_md5hash": "oT47lHAUtBc7PMs8B9w4Xg==",
            "event_based_hold": false,
            "id": "bucket-dw-modeling-pedro-data/transformed_data/victims/part-00000-fea3aa5f-6c29-4344-88b1-1dad270d9c23-c000.csv",
            "kms_key_name": "",
            "md5hash": "oT47lHAUtBc7PMs8B9w4Xg==",
            "media_link": "https://storage.googleapis.com/download/storage/v1/b/bucket-dw-modeling-pedro/o/data%2Ftransformed_data%2Fvictims%2Fpart-00000-fea3aa5f-6c29-4344-88b1-1dad270d9c23-c000.csv?generation=1713029258355241\u0026alt=media",
            "metadata": null,
            "name": "data/transformed_data/victims/part-00000-fea3aa5f-6c29-4344-88b1-1dad270d9c23-c000.csv",
            "output_name": "data/transformed_data/victims/part-00000-fea3aa5f-6c29-4344-88b1-1dad270d9c23-c000.csv",
            "retention": [],
            "self_link": "https://www.googleapis.com/storage/v1/b/bucket-dw-modeling-pedro/o/data%2Ftransformed_data%2Fvictims%2Fpart-00000-fea3aa5f-6c29-4344-88b1-1dad270d9c23-c000.csv",
            "source": "../data/transformed_data/victims/part-00000-fea3aa5f-6c29-4344-88b1-1dad270d9c23-c000.csv",
            "storage_class": "STANDARD",
            "temporary_hold": false,
            "timeouts": null
          },
          "sensitive_attributes": [],
          "private": "eyJlMmJmYjczMC1lY2FhLTExZTYtOGY4OC0zNDM2M2JjN2M0YzAiOnsiY3JlYXRlIjoyNDAwMDAwMDAwMDAsImRlbGV0ZSI6MjQwMDAwMDAwMDAwLCJ1cGRhdGUiOjI0MDAwMDAwMDAwMH19"
        },
        {
          "index_key": "./data/transformed_data/weapons/part-00000-0ce99b9a-7a2f-4e2e-8e15-53146377d52e-c000.csv",
          "schema_version": 0,
          "attributes": {
            "bucket": "bucket-dw-modeling-pedro",
            "cache_control": "",
            "content": null,
            "content_disposition": "",
            "content_encoding": "",
            "content_language": "",
            "content_type": "text/plain; charset=utf-8",
            "crc32c": "rZ7h1w==",
            "customer_encryption": [],
            "detect_md5hash": "+zop5ERbieaGu55x2a5N3Q==",
            "event_based_hold": false,
            "id": "bucket-dw-modeling-pedro-data/transformed_data/weapons/part-00000-0ce99b9a-7a2f-4e2e-8e15-53146377d52e-c000.csv",
            "kms_key_name": "",
            "md5hash": "+zop5ERbieaGu55x2a5N3Q==",
            "media_link": "https://storage.googleapis.com/download/storage/v1/b/bucket-dw-modeling-pedro/o/data%2Ftransformed_data%2Fweapons%2Fpart-00000-0ce99b9a-7a2f-4e2e-8e15-53146377d52e-c000.csv?generation=1713029248293000\u0026alt=media",
            "metadata": null,
            "name": "data/transformed_data/weapons/part-00000-0ce99b9a-7a2f-4e2e-8e15-53146377d52e-c000.csv",
            "output_name": "data/transformed_data/weapons/part-00000-0ce99b9a-7a2f-4e2e-8e15-53146377d52e-c000.csv",
            "retention": [],
            "self_link": "https://www.googleapis.com/storage/v1/b/bucket-dw-modeling-pedro/o/data%2Ftransformed_data%2Fweapons%2Fpart-00000-0ce99b9a-7a2f-4e2e-8e15-53146377d52e-c000.csv",
            "source": "../data/transformed_data/weapons/part-00000-0ce99b9a-7a2f-4e2e-8e15-53146377d52e-c000.csv",
            "storage_class": "STANDARD",
            "temporary_hold": false,
            "timeouts": null
          },
          "sensitive_attributes": [],
          "private": "eyJlMmJmYjczMC1lY2FhLTExZTYtOGY4OC0zNDM2M2JjN2M0YzAiOnsiY3JlYXRlIjoyNDAwMDAwMDAwMDAsImRlbGV0ZSI6MjQwMDAwMDAwMDAwLCJ1cGRhdGUiOjI0MDAwMDAwMDAwMH19"
        }
      ]
    },
    {
      "mode": "managed",
      "type": "random_string",
      "name": "random_id",
      "provider": "provider[\"registry.terraform.io/hashicorp/random\"]",
      "instances": [
        {
          "schema_version": 2,
          "attributes": {
            "id": "jcraawrd",
            "keepers": null,
            "length": 8,
            "lower": true,
            "min_lower": 0,
            "min_numeric": 0,
            "min_special": 0,
            "min_upper": 0,
            "number": true,
            "numeric": true,
            "override_special": null,
            "result": "jcraawrd",
            "special": false,
            "upper": false
          },
          "sensitive_attributes": []
        }
      ]
    }
  ],
  "check_results": null
}
